// !$*UTF8*$!
{
	archiveVersion = 1;
	classes = {
	};
	objectVersion = 46;
	objects = {

/* Begin PBXBuildFile section */
		025565DA1DC2DAF8005A903E /* main.m in Sources */ = {isa = PBXBuildFile; fileRef = 025565D91DC2DAF8005A903E /* main.m */; };
		025565DD1DC2DAF8005A903E /* AppDelegate.m in Sources */ = {isa = PBXBuildFile; fileRef = 025565DC1DC2DAF8005A903E /* AppDelegate.m */; };
		025565E01DC2DAF8005A903E /* DarrenScottSalonApp.xcdatamodeld in Sources */ = {isa = PBXBuildFile; fileRef = 025565DE1DC2DAF8005A903E /* DarrenScottSalonApp.xcdatamodeld */; };
		025565E31DC2DAF8005A903E /* ViewController.m in Sources */ = {isa = PBXBuildFile; fileRef = 025565E21DC2DAF8005A903E /* ViewController.m */; };
		025565E81DC2DAF8005A903E /* Images.xcassets in Resources */ = {isa = PBXBuildFile; fileRef = 025565E71DC2DAF8005A903E /* Images.xcassets */; };
		025565EB1DC2DAF8005A903E /* LaunchScreen.xib in Resources */ = {isa = PBXBuildFile; fileRef = 025565E91DC2DAF8005A903E /* LaunchScreen.xib */; };
		025565F71DC2DAF8005A903E /* DarrenScottSalonAppTests.m in Sources */ = {isa = PBXBuildFile; fileRef = 025565F61DC2DAF8005A903E /* DarrenScottSalonAppTests.m */; };
		02C18A721DC2F307008745BE /* ASStarRatingView.m in Sources */ = {isa = PBXBuildFile; fileRef = 02C18A711DC2F307008745BE /* ASStarRatingView.m */; };
		45025D121E381F0C001FEAB6 /* Security.framework in Frameworks */ = {isa = PBXBuildFile; fileRef = 45025D111E381F0C001FEAB6 /* Security.framework */; };
		45025D451E384D4C001FEAB6 /* Assets in Resources */ = {isa = PBXBuildFile; fileRef = 45025D441E384D4C001FEAB6 /* Assets */; };
		45025D711E3851E4001FEAB6 /* Main.storyboard in Resources */ = {isa = PBXBuildFile; fileRef = 45025D6F1E3851E4001FEAB6 /* Main.storyboard */; };
		45025D741E385A38001FEAB6 /* menu-button.png in Resources */ = {isa = PBXBuildFile; fileRef = 45025D721E385A38001FEAB6 /* menu-button.png */; };
		45025D751E385A38001FEAB6 /* menu-button@2x.png in Resources */ = {isa = PBXBuildFile; fileRef = 45025D731E385A38001FEAB6 /* menu-button@2x.png */; };
		45025D781E385BF3001FEAB6 /* ProfileViewController.m in Sources */ = {isa = PBXBuildFile; fileRef = 45025D771E385BF3001FEAB6 /* ProfileViewController.m */; };
		450703E31E36D306003B7793 /* LoginViewController.m in Sources */ = {isa = PBXBuildFile; fileRef = 450703E21E36D306003B7793 /* LoginViewController.m */; };
		450703E71E36D408003B7793 /* Bolts.framework in Frameworks */ = {isa = PBXBuildFile; fileRef = 450703E41E36D408003B7793 /* Bolts.framework */; };
		450703E81E36D408003B7793 /* FBSDKCoreKit.framework in Frameworks */ = {isa = PBXBuildFile; fileRef = 450703E51E36D408003B7793 /* FBSDKCoreKit.framework */; };
		450703E91E36D408003B7793 /* FBSDKShareKit.framework in Frameworks */ = {isa = PBXBuildFile; fileRef = 450703E61E36D408003B7793 /* FBSDKShareKit.framework */; };
		450703EB1E36D5FD003B7793 /* FBSDKLoginKit.framework in Frameworks */ = {isa = PBXBuildFile; fileRef = 450703EA1E36D5FD003B7793 /* FBSDKLoginKit.framework */; };
		450927DE1DF4D0730052EB54 /* NavigationViewController.m in Sources */ = {isa = PBXBuildFile; fileRef = 450927DD1DF4D0730052EB54 /* NavigationViewController.m */; };
		45155B711E89DA14008250C7 /* SignInViewController.m in Sources */ = {isa = PBXBuildFile; fileRef = 45155B701E89DA14008250C7 /* SignInViewController.m */; };
		45155B751E89FEBE008250C7 /* User.m in Sources */ = {isa = PBXBuildFile; fileRef = 45155B741E89FEBE008250C7 /* User.m */; };
		45155B781E89FF5B008250C7 /* Review.m in Sources */ = {isa = PBXBuildFile; fileRef = 45155B771E89FF5B008250C7 /* Review.m */; };
		451F948B1E64D6150006C105 /* Syncopate-Regular.ttf in Resources */ = {isa = PBXBuildFile; fileRef = 4540739B1E638AF3008F245E /* Syncopate-Regular.ttf */; };
		451F948D1E64E8700006C105 /* Syncopate-Bold.ttf in Resources */ = {isa = PBXBuildFile; fileRef = 451F948C1E64E8300006C105 /* Syncopate-Bold.ttf */; };
		4538352A1E495FB700B34BB4 /* ACFloatingTextField.m in Sources */ = {isa = PBXBuildFile; fileRef = 453835291E495FB700B34BB4 /* ACFloatingTextField.m */; };
		4538352E1E4960D100B34BB4 /* UIUnderlinedButton.m in Sources */ = {isa = PBXBuildFile; fileRef = 4538352D1E4960D100B34BB4 /* UIUnderlinedButton.m */; };
		453835321E4962CD00B34BB4 /* Register1ViewController.m in Sources */ = {isa = PBXBuildFile; fileRef = 453835311E4962CD00B34BB4 /* Register1ViewController.m */; };
		453835351E4962DD00B34BB4 /* Register2ViewController.m in Sources */ = {isa = PBXBuildFile; fileRef = 453835341E4962DD00B34BB4 /* Register2ViewController.m */; };
		453835581E496FCD00B34BB4 /* FSCalendar.m in Sources */ = {isa = PBXBuildFile; fileRef = 453835391E496FCD00B34BB4 /* FSCalendar.m */; };
		453835591E496FCD00B34BB4 /* FSCalendar+Deprecated.m in Sources */ = {isa = PBXBuildFile; fileRef = 4538353A1E496FCD00B34BB4 /* FSCalendar+Deprecated.m */; };
		4538355A1E496FCD00B34BB4 /* FSCalendarAppearance.m in Sources */ = {isa = PBXBuildFile; fileRef = 4538353C1E496FCD00B34BB4 /* FSCalendarAppearance.m */; };
		4538355B1E496FCD00B34BB4 /* FSCalendarCalculator.m in Sources */ = {isa = PBXBuildFile; fileRef = 4538353E1E496FCD00B34BB4 /* FSCalendarCalculator.m */; };
		4538355C1E496FCD00B34BB4 /* FSCalendarCell.m in Sources */ = {isa = PBXBuildFile; fileRef = 453835401E496FCD00B34BB4 /* FSCalendarCell.m */; };
		4538355D1E496FCD00B34BB4 /* FSCalendarCollectionView.m in Sources */ = {isa = PBXBuildFile; fileRef = 453835421E496FCD00B34BB4 /* FSCalendarCollectionView.m */; };
		4538355E1E496FCD00B34BB4 /* FSCalendarCollectionViewLayout.m in Sources */ = {isa = PBXBuildFile; fileRef = 453835441E496FCD00B34BB4 /* FSCalendarCollectionViewLayout.m */; };
		4538355F1E496FCD00B34BB4 /* FSCalendarConstants.m in Sources */ = {isa = PBXBuildFile; fileRef = 453835461E496FCD00B34BB4 /* FSCalendarConstants.m */; };
		453835601E496FCD00B34BB4 /* FSCalendarDelegationFactory.m in Sources */ = {isa = PBXBuildFile; fileRef = 453835481E496FCD00B34BB4 /* FSCalendarDelegationFactory.m */; };
		453835611E496FCD00B34BB4 /* FSCalendarDelegationProxy.m in Sources */ = {isa = PBXBuildFile; fileRef = 4538354A1E496FCD00B34BB4 /* FSCalendarDelegationProxy.m */; };
		453835621E496FCD00B34BB4 /* FSCalendarExtensions.m in Sources */ = {isa = PBXBuildFile; fileRef = 4538354D1E496FCD00B34BB4 /* FSCalendarExtensions.m */; };
		453835631E496FCD00B34BB4 /* FSCalendarHeaderView.m in Sources */ = {isa = PBXBuildFile; fileRef = 4538354F1E496FCD00B34BB4 /* FSCalendarHeaderView.m */; };
		453835641E496FCD00B34BB4 /* FSCalendarScopeHandle.m in Sources */ = {isa = PBXBuildFile; fileRef = 453835511E496FCD00B34BB4 /* FSCalendarScopeHandle.m */; };
		453835651E496FCD00B34BB4 /* FSCalendarStickyHeader.m in Sources */ = {isa = PBXBuildFile; fileRef = 453835531E496FCD00B34BB4 /* FSCalendarStickyHeader.m */; };
		453835661E496FCD00B34BB4 /* FSCalendarTransitionCoordinator.m in Sources */ = {isa = PBXBuildFile; fileRef = 453835551E496FCD00B34BB4 /* FSCalendarTransitionCoordinator.m */; };
		453835671E496FCD00B34BB4 /* FSCalendarWeekdayView.m in Sources */ = {isa = PBXBuildFile; fileRef = 453835571E496FCD00B34BB4 /* FSCalendarWeekdayView.m */; };
		4538356A1E496FFF00B34BB4 /* CalendarViewController.m in Sources */ = {isa = PBXBuildFile; fileRef = 453835691E496FFF00B34BB4 /* CalendarViewController.m */; };
		454073A41E63909C008F245E /* VKSideMenu.m in Sources */ = {isa = PBXBuildFile; fileRef = 454073A31E63909C008F245E /* VKSideMenu.m */; };
		45751B331E986A7900583E74 /* ReviewViewController.m in Sources */ = {isa = PBXBuildFile; fileRef = 45751B321E986A7900583E74 /* ReviewViewController.m */; };
		45B2F7411DE27C3100AAB600 /* TermsAndConditionsViewController.m in Sources */ = {isa = PBXBuildFile; fileRef = 45B2F7401DE27C3100AAB600 /* TermsAndConditionsViewController.m */; };
		45B829961E6BD7650012B220 /* bg1@2x.png in Resources */ = {isa = PBXBuildFile; fileRef = 45B829831E6BD7650012B220 /* bg1@2x.png */; };
		45B829971E6BD7650012B220 /* bg2@2x.png in Resources */ = {isa = PBXBuildFile; fileRef = 45B829841E6BD7650012B220 /* bg2@2x.png */; };
		45B829981E6BD7650012B220 /* bg3@2x.png in Resources */ = {isa = PBXBuildFile; fileRef = 45B829851E6BD7650012B220 /* bg3@2x.png */; };
		45B829991E6BD7650012B220 /* bg4@2x.png in Resources */ = {isa = PBXBuildFile; fileRef = 45B829861E6BD7650012B220 /* bg4@2x.png */; };
		45B8299A1E6BD7650012B220 /* bigLogo@2x.png in Resources */ = {isa = PBXBuildFile; fileRef = 45B829871E6BD7650012B220 /* bigLogo@2x.png */; };
		45B8299B1E6BD7650012B220 /* icon1@2x.png in Resources */ = {isa = PBXBuildFile; fileRef = 45B829881E6BD7650012B220 /* icon1@2x.png */; };
		45B8299C1E6BD7650012B220 /* icon2@2x.png in Resources */ = {isa = PBXBuildFile; fileRef = 45B829891E6BD7650012B220 /* icon2@2x.png */; };
		45B8299D1E6BD7650012B220 /* icon3@2x.png in Resources */ = {isa = PBXBuildFile; fileRef = 45B8298A1E6BD7650012B220 /* icon3@2x.png */; };
		45B8299E1E6BD7650012B220 /* img1.png in Resources */ = {isa = PBXBuildFile; fileRef = 45B8298B1E6BD7650012B220 /* img1.png */; };
		45B8299F1E6BD7650012B220 /* img2.png in Resources */ = {isa = PBXBuildFile; fileRef = 45B8298C1E6BD7650012B220 /* img2.png */; };
		45B829A21E6BD7650012B220 /* pageDot.png in Resources */ = {isa = PBXBuildFile; fileRef = 45B8298F1E6BD7650012B220 /* pageDot.png */; };
		45B829A31E6BD7650012B220 /* pageDot@2x.png in Resources */ = {isa = PBXBuildFile; fileRef = 45B829901E6BD7650012B220 /* pageDot@2x.png */; };
		45B829A41E6BD7650012B220 /* skipButton@2x.png in Resources */ = {isa = PBXBuildFile; fileRef = 45B829911E6BD7650012B220 /* skipButton@2x.png */; };
		45B829A51E6BD7650012B220 /* title1@2x.png in Resources */ = {isa = PBXBuildFile; fileRef = 45B829921E6BD7650012B220 /* title1@2x.png */; };
		45B829A61E6BD7650012B220 /* title2@2x.png in Resources */ = {isa = PBXBuildFile; fileRef = 45B829931E6BD7650012B220 /* title2@2x.png */; };
		45B829A71E6BD7650012B220 /* title3@2x.png in Resources */ = {isa = PBXBuildFile; fileRef = 45B829941E6BD7650012B220 /* title3@2x.png */; };
		45B829A81E6BD7650012B220 /* title4@2x.png in Resources */ = {isa = PBXBuildFile; fileRef = 45B829951E6BD7650012B220 /* title4@2x.png */; };
		45B829AA1E6BDA760012B220 /* img3.png in Resources */ = {isa = PBXBuildFile; fileRef = 45B829A91E6BDA760012B220 /* img3.png */; };
		45B9AF081E7D08D400513B2E /* EKFirstHintView.m in Sources */ = {isa = PBXBuildFile; fileRef = 45B9AF031E7D08D400513B2E /* EKFirstHintView.m */; };
		45B9AF091E7D08D400513B2E /* EKSecondHintView.m in Sources */ = {isa = PBXBuildFile; fileRef = 45B9AF051E7D08D400513B2E /* EKSecondHintView.m */; };
		45B9AF0A1E7D08D400513B2E /* EKWelcomeView.m in Sources */ = {isa = PBXBuildFile; fileRef = 45B9AF071E7D08D400513B2E /* EKWelcomeView.m */; };
		45B9AF0D1E7D08EE00513B2E /* EKWelcomeViewController.m in Sources */ = {isa = PBXBuildFile; fileRef = 45B9AF0C1E7D08EE00513B2E /* EKWelcomeViewController.m */; };
		45B9AF0F1E7DA32300513B2E /* img4.png in Resources */ = {isa = PBXBuildFile; fileRef = 45B9AF0E1E7DA32300513B2E /* img4.png */; };
		45C6B7FF1DD2960A0067654B /* GoogleService-Info.plist in Resources */ = {isa = PBXBuildFile; fileRef = 45C6B7FE1DD2960A0067654B /* GoogleService-Info.plist */; };
		45C6B8011DD2A3F90067654B /* Social.framework in Frameworks */ = {isa = PBXBuildFile; fileRef = 45C6B8001DD2A3F90067654B /* Social.framework */; };
		45E21AB61E8A15600042C2BC /* ReviewsTableViewCell.m in Sources */ = {isa = PBXBuildFile; fileRef = 45E21AB51E8A15600042C2BC /* ReviewsTableViewCell.m */; };
		45E21AB91E8A15F00042C2BC /* ReviewsTableViewController.m in Sources */ = {isa = PBXBuildFile; fileRef = 45E21AB81E8A15F00042C2BC /* ReviewsTableViewController.m */; };
		45FE25601E8B2B7F00F2F14E /* Country.m in Sources */ = {isa = PBXBuildFile; fileRef = 45FE255F1E8B2B7F00F2F14E /* Country.m */; };
		45FE25641E8B343500F2F14E /* RMPhoneFormat.m in Sources */ = {isa = PBXBuildFile; fileRef = 45FE25631E8B343500F2F14E /* RMPhoneFormat.m */; };
		45FE25661E8B375100F2F14E /* PhoneFormats.dat in Resources */ = {isa = PBXBuildFile; fileRef = 45FE25651E8B369B00F2F14E /* PhoneFormats.dat */; };
		562BDAAE4AF94B16711391D2 /* libPods-clic pic reviewTests.a in Frameworks */ = {isa = PBXBuildFile; fileRef = 2FBFB5E484F2F7E7340A3259 /* libPods-clic pic reviewTests.a */; };
		5CCAB07E22968F3514F80D2C /* libPods-DarrenScottSalonAppTests.a in Frameworks */ = {isa = PBXBuildFile; fileRef = 0DB04EBBF36AB7A0C112AAE5 /* libPods-DarrenScottSalonAppTests.a */; };
		C974EFF848C979EC65B5B37B /* libPods-clic pic review.a in Frameworks */ = {isa = PBXBuildFile; fileRef = 4F4E1BA3085A2E07E709DE22 /* libPods-clic pic review.a */; };
/* End PBXBuildFile section */

/* Begin PBXContainerItemProxy section */
		025565F11DC2DAF8005A903E /* PBXContainerItemProxy */ = {
			isa = PBXContainerItemProxy;
			containerPortal = 025565CC1DC2DAF8005A903E /* Project object */;
			proxyType = 1;
			remoteGlobalIDString = 025565D31DC2DAF8005A903E;
			remoteInfo = DarrenScottSalonApp;
		};
/* End PBXContainerItemProxy section */

/* Begin PBXFileReference section */
		025565D41DC2DAF8005A903E /* clic pic review.app */ = {isa = PBXFileReference; explicitFileType = wrapper.application; includeInIndex = 0; path = "clic pic review.app"; sourceTree = BUILT_PRODUCTS_DIR; };
		025565D81DC2DAF8005A903E /* Info.plist */ = {isa = PBXFileReference; lastKnownFileType = text.plist.xml; path = Info.plist; sourceTree = "<group>"; };
		025565D91DC2DAF8005A903E /* main.m */ = {isa = PBXFileReference; lastKnownFileType = sourcecode.c.objc; path = main.m; sourceTree = "<group>"; };
		025565DB1DC2DAF8005A903E /* AppDelegate.h */ = {isa = PBXFileReference; lastKnownFileType = sourcecode.c.h; path = AppDelegate.h; sourceTree = "<group>"; };
		025565DC1DC2DAF8005A903E /* AppDelegate.m */ = {isa = PBXFileReference; lastKnownFileType = sourcecode.c.objc; path = AppDelegate.m; sourceTree = "<group>"; };
		025565DF1DC2DAF8005A903E /* DarrenScottSalonApp.xcdatamodel */ = {isa = PBXFileReference; lastKnownFileType = wrapper.xcdatamodel; path = DarrenScottSalonApp.xcdatamodel; sourceTree = "<group>"; };
		025565E11DC2DAF8005A903E /* ViewController.h */ = {isa = PBXFileReference; lastKnownFileType = sourcecode.c.h; path = ViewController.h; sourceTree = "<group>"; };
		025565E21DC2DAF8005A903E /* ViewController.m */ = {isa = PBXFileReference; lastKnownFileType = sourcecode.c.objc; path = ViewController.m; sourceTree = "<group>"; };
		025565E71DC2DAF8005A903E /* Images.xcassets */ = {isa = PBXFileReference; lastKnownFileType = folder.assetcatalog; path = Images.xcassets; sourceTree = "<group>"; };
		025565EA1DC2DAF8005A903E /* Base */ = {isa = PBXFileReference; lastKnownFileType = file.xib; name = Base; path = Base.lproj/LaunchScreen.xib; sourceTree = "<group>"; };
		025565F01DC2DAF8005A903E /* clic pic reviewTests.xctest */ = {isa = PBXFileReference; explicitFileType = wrapper.cfbundle; includeInIndex = 0; path = "clic pic reviewTests.xctest"; sourceTree = BUILT_PRODUCTS_DIR; };
		025565F51DC2DAF8005A903E /* Info.plist */ = {isa = PBXFileReference; lastKnownFileType = text.plist.xml; path = Info.plist; sourceTree = "<group>"; };
		025565F61DC2DAF8005A903E /* DarrenScottSalonAppTests.m */ = {isa = PBXFileReference; lastKnownFileType = sourcecode.c.objc; path = DarrenScottSalonAppTests.m; sourceTree = "<group>"; };
		02C18A701DC2F307008745BE /* ASStarRatingView.h */ = {isa = PBXFileReference; fileEncoding = 4; lastKnownFileType = sourcecode.c.h; path = ASStarRatingView.h; sourceTree = "<group>"; };
		02C18A711DC2F307008745BE /* ASStarRatingView.m */ = {isa = PBXFileReference; fileEncoding = 4; lastKnownFileType = sourcecode.c.objc; path = ASStarRatingView.m; sourceTree = "<group>"; };
		0DB04EBBF36AB7A0C112AAE5 /* libPods-DarrenScottSalonAppTests.a */ = {isa = PBXFileReference; explicitFileType = archive.ar; includeInIndex = 0; path = "libPods-DarrenScottSalonAppTests.a"; sourceTree = BUILT_PRODUCTS_DIR; };
		128D1374D90FECCC4482D81A /* Pods-DarrenScottSalonApp.release.xcconfig */ = {isa = PBXFileReference; includeInIndex = 1; lastKnownFileType = text.xcconfig; name = "Pods-DarrenScottSalonApp.release.xcconfig"; path = "Pods/Target Support Files/Pods-DarrenScottSalonApp/Pods-DarrenScottSalonApp.release.xcconfig"; sourceTree = "<group>"; };
		1509F0AE6089A9E0D1F5839F /* Pods-clic pic review.debug.xcconfig */ = {isa = PBXFileReference; includeInIndex = 1; lastKnownFileType = text.xcconfig; name = "Pods-clic pic review.debug.xcconfig"; path = "Pods/Target Support Files/Pods-clic pic review/Pods-clic pic review.debug.xcconfig"; sourceTree = "<group>"; };
		2FBFB5E484F2F7E7340A3259 /* libPods-clic pic reviewTests.a */ = {isa = PBXFileReference; explicitFileType = archive.ar; includeInIndex = 0; path = "libPods-clic pic reviewTests.a"; sourceTree = BUILT_PRODUCTS_DIR; };
		45025D111E381F0C001FEAB6 /* Security.framework */ = {isa = PBXFileReference; lastKnownFileType = wrapper.framework; name = Security.framework; path = System/Library/Frameworks/Security.framework; sourceTree = SDKROOT; };
		45025D441E384D4C001FEAB6 /* Assets */ = {isa = PBXFileReference; lastKnownFileType = folder; path = Assets; sourceTree = "<group>"; };
		45025D701E3851E4001FEAB6 /* Base */ = {isa = PBXFileReference; lastKnownFileType = file.storyboard; name = Base; path = Base.lproj/Main.storyboard; sourceTree = "<group>"; };
		45025D721E385A38001FEAB6 /* menu-button.png */ = {isa = PBXFileReference; lastKnownFileType = image.png; name = "menu-button.png"; path = "Assets/menu-button.png"; sourceTree = "<group>"; };
		45025D731E385A38001FEAB6 /* menu-button@2x.png */ = {isa = PBXFileReference; lastKnownFileType = image.png; name = "menu-button@2x.png"; path = "Assets/menu-button@2x.png"; sourceTree = "<group>"; };
		45025D761E385BF3001FEAB6 /* ProfileViewController.h */ = {isa = PBXFileReference; fileEncoding = 4; lastKnownFileType = sourcecode.c.h; path = ProfileViewController.h; sourceTree = "<group>"; };
		45025D771E385BF3001FEAB6 /* ProfileViewController.m */ = {isa = PBXFileReference; fileEncoding = 4; lastKnownFileType = sourcecode.c.objc; path = ProfileViewController.m; sourceTree = "<group>"; };
		45026B5E1E91C55900122A01 /* clic pic review.entitlements */ = {isa = PBXFileReference; lastKnownFileType = text.plist.entitlements; path = "clic pic review.entitlements"; sourceTree = "<group>"; };
		450703E11E36D306003B7793 /* LoginViewController.h */ = {isa = PBXFileReference; fileEncoding = 4; lastKnownFileType = sourcecode.c.h; path = LoginViewController.h; sourceTree = "<group>"; };
		450703E21E36D306003B7793 /* LoginViewController.m */ = {isa = PBXFileReference; fileEncoding = 4; lastKnownFileType = sourcecode.c.objc; path = LoginViewController.m; sourceTree = "<group>"; };
		450703E41E36D408003B7793 /* Bolts.framework */ = {isa = PBXFileReference; lastKnownFileType = wrapper.framework; path = Bolts.framework; sourceTree = "<group>"; };
		450703E51E36D408003B7793 /* FBSDKCoreKit.framework */ = {isa = PBXFileReference; lastKnownFileType = wrapper.framework; path = FBSDKCoreKit.framework; sourceTree = "<group>"; };
		450703E61E36D408003B7793 /* FBSDKShareKit.framework */ = {isa = PBXFileReference; lastKnownFileType = wrapper.framework; path = FBSDKShareKit.framework; sourceTree = "<group>"; };
		450703EA1E36D5FD003B7793 /* FBSDKLoginKit.framework */ = {isa = PBXFileReference; lastKnownFileType = wrapper.framework; path = FBSDKLoginKit.framework; sourceTree = "<group>"; };
		450927DC1DF4D0730052EB54 /* NavigationViewController.h */ = {isa = PBXFileReference; fileEncoding = 4; lastKnownFileType = sourcecode.c.h; path = NavigationViewController.h; sourceTree = "<group>"; };
		450927DD1DF4D0730052EB54 /* NavigationViewController.m */ = {isa = PBXFileReference; fileEncoding = 4; lastKnownFileType = sourcecode.c.objc; path = NavigationViewController.m; sourceTree = "<group>"; };
		45155B6F1E89DA14008250C7 /* SignInViewController.h */ = {isa = PBXFileReference; fileEncoding = 4; lastKnownFileType = sourcecode.c.h; path = SignInViewController.h; sourceTree = "<group>"; };
		45155B701E89DA14008250C7 /* SignInViewController.m */ = {isa = PBXFileReference; fileEncoding = 4; lastKnownFileType = sourcecode.c.objc; path = SignInViewController.m; sourceTree = "<group>"; };
		45155B731E89FEBE008250C7 /* User.h */ = {isa = PBXFileReference; fileEncoding = 4; lastKnownFileType = sourcecode.c.h; path = User.h; sourceTree = "<group>"; };
		45155B741E89FEBE008250C7 /* User.m */ = {isa = PBXFileReference; fileEncoding = 4; lastKnownFileType = sourcecode.c.objc; path = User.m; sourceTree = "<group>"; };
		45155B761E89FF5B008250C7 /* Review.h */ = {isa = PBXFileReference; fileEncoding = 4; lastKnownFileType = sourcecode.c.h; path = Review.h; sourceTree = "<group>"; };
		45155B771E89FF5B008250C7 /* Review.m */ = {isa = PBXFileReference; fileEncoding = 4; lastKnownFileType = sourcecode.c.objc; path = Review.m; sourceTree = "<group>"; };
		451F948C1E64E8300006C105 /* Syncopate-Bold.ttf */ = {isa = PBXFileReference; lastKnownFileType = file; path = "Syncopate-Bold.ttf"; sourceTree = "<group>"; };
		453835281E495FB700B34BB4 /* ACFloatingTextField.h */ = {isa = PBXFileReference; fileEncoding = 4; lastKnownFileType = sourcecode.c.h; path = ACFloatingTextField.h; sourceTree = "<group>"; };
		453835291E495FB700B34BB4 /* ACFloatingTextField.m */ = {isa = PBXFileReference; fileEncoding = 4; lastKnownFileType = sourcecode.c.objc; path = ACFloatingTextField.m; sourceTree = "<group>"; };
		4538352C1E4960D100B34BB4 /* UIUnderlinedButton.h */ = {isa = PBXFileReference; fileEncoding = 4; lastKnownFileType = sourcecode.c.h; path = UIUnderlinedButton.h; sourceTree = "<group>"; };
		4538352D1E4960D100B34BB4 /* UIUnderlinedButton.m */ = {isa = PBXFileReference; fileEncoding = 4; lastKnownFileType = sourcecode.c.objc; path = UIUnderlinedButton.m; sourceTree = "<group>"; };
		453835301E4962CD00B34BB4 /* Register1ViewController.h */ = {isa = PBXFileReference; fileEncoding = 4; lastKnownFileType = sourcecode.c.h; path = Register1ViewController.h; sourceTree = "<group>"; };
		453835311E4962CD00B34BB4 /* Register1ViewController.m */ = {isa = PBXFileReference; fileEncoding = 4; lastKnownFileType = sourcecode.c.objc; path = Register1ViewController.m; sourceTree = "<group>"; };
		453835331E4962DD00B34BB4 /* Register2ViewController.h */ = {isa = PBXFileReference; fileEncoding = 4; lastKnownFileType = sourcecode.c.h; path = Register2ViewController.h; sourceTree = "<group>"; };
		453835341E4962DD00B34BB4 /* Register2ViewController.m */ = {isa = PBXFileReference; fileEncoding = 4; lastKnownFileType = sourcecode.c.objc; path = Register2ViewController.m; sourceTree = "<group>"; };
		453835381E496FCD00B34BB4 /* FSCalendar.h */ = {isa = PBXFileReference; fileEncoding = 4; lastKnownFileType = sourcecode.c.h; path = FSCalendar.h; sourceTree = "<group>"; };
		453835391E496FCD00B34BB4 /* FSCalendar.m */ = {isa = PBXFileReference; fileEncoding = 4; lastKnownFileType = sourcecode.c.objc; path = FSCalendar.m; sourceTree = "<group>"; };
		4538353A1E496FCD00B34BB4 /* FSCalendar+Deprecated.m */ = {isa = PBXFileReference; fileEncoding = 4; lastKnownFileType = sourcecode.c.objc; path = "FSCalendar+Deprecated.m"; sourceTree = "<group>"; };
		4538353B1E496FCD00B34BB4 /* FSCalendarAppearance.h */ = {isa = PBXFileReference; fileEncoding = 4; lastKnownFileType = sourcecode.c.h; path = FSCalendarAppearance.h; sourceTree = "<group>"; };
		4538353C1E496FCD00B34BB4 /* FSCalendarAppearance.m */ = {isa = PBXFileReference; fileEncoding = 4; lastKnownFileType = sourcecode.c.objc; path = FSCalendarAppearance.m; sourceTree = "<group>"; };
		4538353D1E496FCD00B34BB4 /* FSCalendarCalculator.h */ = {isa = PBXFileReference; fileEncoding = 4; lastKnownFileType = sourcecode.c.h; path = FSCalendarCalculator.h; sourceTree = "<group>"; };
		4538353E1E496FCD00B34BB4 /* FSCalendarCalculator.m */ = {isa = PBXFileReference; fileEncoding = 4; lastKnownFileType = sourcecode.c.objc; path = FSCalendarCalculator.m; sourceTree = "<group>"; };
		4538353F1E496FCD00B34BB4 /* FSCalendarCell.h */ = {isa = PBXFileReference; fileEncoding = 4; lastKnownFileType = sourcecode.c.h; path = FSCalendarCell.h; sourceTree = "<group>"; };
		453835401E496FCD00B34BB4 /* FSCalendarCell.m */ = {isa = PBXFileReference; fileEncoding = 4; lastKnownFileType = sourcecode.c.objc; path = FSCalendarCell.m; sourceTree = "<group>"; };
		453835411E496FCD00B34BB4 /* FSCalendarCollectionView.h */ = {isa = PBXFileReference; fileEncoding = 4; lastKnownFileType = sourcecode.c.h; path = FSCalendarCollectionView.h; sourceTree = "<group>"; };
		453835421E496FCD00B34BB4 /* FSCalendarCollectionView.m */ = {isa = PBXFileReference; fileEncoding = 4; lastKnownFileType = sourcecode.c.objc; path = FSCalendarCollectionView.m; sourceTree = "<group>"; };
		453835431E496FCD00B34BB4 /* FSCalendarCollectionViewLayout.h */ = {isa = PBXFileReference; fileEncoding = 4; lastKnownFileType = sourcecode.c.h; path = FSCalendarCollectionViewLayout.h; sourceTree = "<group>"; };
		453835441E496FCD00B34BB4 /* FSCalendarCollectionViewLayout.m */ = {isa = PBXFileReference; fileEncoding = 4; lastKnownFileType = sourcecode.c.objc; path = FSCalendarCollectionViewLayout.m; sourceTree = "<group>"; };
		453835451E496FCD00B34BB4 /* FSCalendarConstants.h */ = {isa = PBXFileReference; fileEncoding = 4; lastKnownFileType = sourcecode.c.h; path = FSCalendarConstants.h; sourceTree = "<group>"; };
		453835461E496FCD00B34BB4 /* FSCalendarConstants.m */ = {isa = PBXFileReference; fileEncoding = 4; lastKnownFileType = sourcecode.c.objc; path = FSCalendarConstants.m; sourceTree = "<group>"; };
		453835471E496FCD00B34BB4 /* FSCalendarDelegationFactory.h */ = {isa = PBXFileReference; fileEncoding = 4; lastKnownFileType = sourcecode.c.h; path = FSCalendarDelegationFactory.h; sourceTree = "<group>"; };
		453835481E496FCD00B34BB4 /* FSCalendarDelegationFactory.m */ = {isa = PBXFileReference; fileEncoding = 4; lastKnownFileType = sourcecode.c.objc; path = FSCalendarDelegationFactory.m; sourceTree = "<group>"; };
		453835491E496FCD00B34BB4 /* FSCalendarDelegationProxy.h */ = {isa = PBXFileReference; fileEncoding = 4; lastKnownFileType = sourcecode.c.h; path = FSCalendarDelegationProxy.h; sourceTree = "<group>"; };
		4538354A1E496FCD00B34BB4 /* FSCalendarDelegationProxy.m */ = {isa = PBXFileReference; fileEncoding = 4; lastKnownFileType = sourcecode.c.objc; path = FSCalendarDelegationProxy.m; sourceTree = "<group>"; };
		4538354B1E496FCD00B34BB4 /* FSCalendarDynamicHeader.h */ = {isa = PBXFileReference; fileEncoding = 4; lastKnownFileType = sourcecode.c.h; path = FSCalendarDynamicHeader.h; sourceTree = "<group>"; };
		4538354C1E496FCD00B34BB4 /* FSCalendarExtensions.h */ = {isa = PBXFileReference; fileEncoding = 4; lastKnownFileType = sourcecode.c.h; path = FSCalendarExtensions.h; sourceTree = "<group>"; };
		4538354D1E496FCD00B34BB4 /* FSCalendarExtensions.m */ = {isa = PBXFileReference; fileEncoding = 4; lastKnownFileType = sourcecode.c.objc; path = FSCalendarExtensions.m; sourceTree = "<group>"; };
		4538354E1E496FCD00B34BB4 /* FSCalendarHeaderView.h */ = {isa = PBXFileReference; fileEncoding = 4; lastKnownFileType = sourcecode.c.h; path = FSCalendarHeaderView.h; sourceTree = "<group>"; };
		4538354F1E496FCD00B34BB4 /* FSCalendarHeaderView.m */ = {isa = PBXFileReference; fileEncoding = 4; lastKnownFileType = sourcecode.c.objc; path = FSCalendarHeaderView.m; sourceTree = "<group>"; };
		453835501E496FCD00B34BB4 /* FSCalendarScopeHandle.h */ = {isa = PBXFileReference; fileEncoding = 4; lastKnownFileType = sourcecode.c.h; path = FSCalendarScopeHandle.h; sourceTree = "<group>"; };
		453835511E496FCD00B34BB4 /* FSCalendarScopeHandle.m */ = {isa = PBXFileReference; fileEncoding = 4; lastKnownFileType = sourcecode.c.objc; path = FSCalendarScopeHandle.m; sourceTree = "<group>"; };
		453835521E496FCD00B34BB4 /* FSCalendarStickyHeader.h */ = {isa = PBXFileReference; fileEncoding = 4; lastKnownFileType = sourcecode.c.h; path = FSCalendarStickyHeader.h; sourceTree = "<group>"; };
		453835531E496FCD00B34BB4 /* FSCalendarStickyHeader.m */ = {isa = PBXFileReference; fileEncoding = 4; lastKnownFileType = sourcecode.c.objc; path = FSCalendarStickyHeader.m; sourceTree = "<group>"; };
		453835541E496FCD00B34BB4 /* FSCalendarTransitionCoordinator.h */ = {isa = PBXFileReference; fileEncoding = 4; lastKnownFileType = sourcecode.c.h; path = FSCalendarTransitionCoordinator.h; sourceTree = "<group>"; };
		453835551E496FCD00B34BB4 /* FSCalendarTransitionCoordinator.m */ = {isa = PBXFileReference; fileEncoding = 4; lastKnownFileType = sourcecode.c.objc; path = FSCalendarTransitionCoordinator.m; sourceTree = "<group>"; };
		453835561E496FCD00B34BB4 /* FSCalendarWeekdayView.h */ = {isa = PBXFileReference; fileEncoding = 4; lastKnownFileType = sourcecode.c.h; path = FSCalendarWeekdayView.h; sourceTree = "<group>"; };
		453835571E496FCD00B34BB4 /* FSCalendarWeekdayView.m */ = {isa = PBXFileReference; fileEncoding = 4; lastKnownFileType = sourcecode.c.objc; path = FSCalendarWeekdayView.m; sourceTree = "<group>"; };
		453835681E496FFF00B34BB4 /* CalendarViewController.h */ = {isa = PBXFileReference; fileEncoding = 4; lastKnownFileType = sourcecode.c.h; path = CalendarViewController.h; sourceTree = "<group>"; };
		453835691E496FFF00B34BB4 /* CalendarViewController.m */ = {isa = PBXFileReference; fileEncoding = 4; lastKnownFileType = sourcecode.c.objc; path = CalendarViewController.m; sourceTree = "<group>"; };
		4540739B1E638AF3008F245E /* Syncopate-Regular.ttf */ = {isa = PBXFileReference; lastKnownFileType = file; path = "Syncopate-Regular.ttf"; sourceTree = "<group>"; };
		454073A21E63909C008F245E /* VKSideMenu.h */ = {isa = PBXFileReference; fileEncoding = 4; lastKnownFileType = sourcecode.c.h; name = VKSideMenu.h; path = VKSideMenu/VKSideMenu.h; sourceTree = "<group>"; };
		454073A31E63909C008F245E /* VKSideMenu.m */ = {isa = PBXFileReference; fileEncoding = 4; lastKnownFileType = sourcecode.c.objc; name = VKSideMenu.m; path = VKSideMenu/VKSideMenu.m; sourceTree = "<group>"; };
		45751B311E986A7900583E74 /* ReviewViewController.h */ = {isa = PBXFileReference; fileEncoding = 4; lastKnownFileType = sourcecode.c.h; path = ReviewViewController.h; sourceTree = "<group>"; };
		45751B321E986A7900583E74 /* ReviewViewController.m */ = {isa = PBXFileReference; fileEncoding = 4; lastKnownFileType = sourcecode.c.objc; path = ReviewViewController.m; sourceTree = "<group>"; };
		45B2F73F1DE27C3100AAB600 /* TermsAndConditionsViewController.h */ = {isa = PBXFileReference; fileEncoding = 4; lastKnownFileType = sourcecode.c.h; path = TermsAndConditionsViewController.h; sourceTree = "<group>"; };
		45B2F7401DE27C3100AAB600 /* TermsAndConditionsViewController.m */ = {isa = PBXFileReference; fileEncoding = 4; lastKnownFileType = sourcecode.c.objc; path = TermsAndConditionsViewController.m; sourceTree = "<group>"; };
		45B829831E6BD7650012B220 /* bg1@2x.png */ = {isa = PBXFileReference; lastKnownFileType = image.png; path = "bg1@2x.png"; sourceTree = "<group>"; };
		45B829841E6BD7650012B220 /* bg2@2x.png */ = {isa = PBXFileReference; lastKnownFileType = image.png; path = "bg2@2x.png"; sourceTree = "<group>"; };
		45B829851E6BD7650012B220 /* bg3@2x.png */ = {isa = PBXFileReference; lastKnownFileType = image.png; path = "bg3@2x.png"; sourceTree = "<group>"; };
		45B829861E6BD7650012B220 /* bg4@2x.png */ = {isa = PBXFileReference; lastKnownFileType = image.png; path = "bg4@2x.png"; sourceTree = "<group>"; };
		45B829871E6BD7650012B220 /* bigLogo@2x.png */ = {isa = PBXFileReference; lastKnownFileType = image.png; path = "bigLogo@2x.png"; sourceTree = "<group>"; };
		45B829881E6BD7650012B220 /* icon1@2x.png */ = {isa = PBXFileReference; lastKnownFileType = image.png; path = "icon1@2x.png"; sourceTree = "<group>"; };
		45B829891E6BD7650012B220 /* icon2@2x.png */ = {isa = PBXFileReference; lastKnownFileType = image.png; path = "icon2@2x.png"; sourceTree = "<group>"; };
		45B8298A1E6BD7650012B220 /* icon3@2x.png */ = {isa = PBXFileReference; lastKnownFileType = image.png; path = "icon3@2x.png"; sourceTree = "<group>"; };
		45B8298B1E6BD7650012B220 /* img1.png */ = {isa = PBXFileReference; lastKnownFileType = image.png; path = img1.png; sourceTree = "<group>"; };
		45B8298C1E6BD7650012B220 /* img2.png */ = {isa = PBXFileReference; lastKnownFileType = image.png; path = img2.png; sourceTree = "<group>"; };
		45B8298F1E6BD7650012B220 /* pageDot.png */ = {isa = PBXFileReference; lastKnownFileType = image.png; path = pageDot.png; sourceTree = "<group>"; };
		45B829901E6BD7650012B220 /* pageDot@2x.png */ = {isa = PBXFileReference; lastKnownFileType = image.png; path = "pageDot@2x.png"; sourceTree = "<group>"; };
		45B829911E6BD7650012B220 /* skipButton@2x.png */ = {isa = PBXFileReference; lastKnownFileType = image.png; path = "skipButton@2x.png"; sourceTree = "<group>"; };
		45B829921E6BD7650012B220 /* title1@2x.png */ = {isa = PBXFileReference; lastKnownFileType = image.png; path = "title1@2x.png"; sourceTree = "<group>"; };
		45B829931E6BD7650012B220 /* title2@2x.png */ = {isa = PBXFileReference; lastKnownFileType = image.png; path = "title2@2x.png"; sourceTree = "<group>"; };
		45B829941E6BD7650012B220 /* title3@2x.png */ = {isa = PBXFileReference; lastKnownFileType = image.png; path = "title3@2x.png"; sourceTree = "<group>"; };
		45B829951E6BD7650012B220 /* title4@2x.png */ = {isa = PBXFileReference; lastKnownFileType = image.png; path = "title4@2x.png"; sourceTree = "<group>"; };
		45B829A91E6BDA760012B220 /* img3.png */ = {isa = PBXFileReference; lastKnownFileType = image.png; path = img3.png; sourceTree = "<group>"; };
		45B9AF021E7D08D400513B2E /* EKFirstHintView.h */ = {isa = PBXFileReference; fileEncoding = 4; lastKnownFileType = sourcecode.c.h; path = EKFirstHintView.h; sourceTree = "<group>"; };
		45B9AF031E7D08D400513B2E /* EKFirstHintView.m */ = {isa = PBXFileReference; fileEncoding = 4; lastKnownFileType = sourcecode.c.objc; path = EKFirstHintView.m; sourceTree = "<group>"; };
		45B9AF041E7D08D400513B2E /* EKSecondHintView.h */ = {isa = PBXFileReference; fileEncoding = 4; lastKnownFileType = sourcecode.c.h; path = EKSecondHintView.h; sourceTree = "<group>"; };
		45B9AF051E7D08D400513B2E /* EKSecondHintView.m */ = {isa = PBXFileReference; fileEncoding = 4; lastKnownFileType = sourcecode.c.objc; path = EKSecondHintView.m; sourceTree = "<group>"; };
		45B9AF061E7D08D400513B2E /* EKWelcomeView.h */ = {isa = PBXFileReference; fileEncoding = 4; lastKnownFileType = sourcecode.c.h; path = EKWelcomeView.h; sourceTree = "<group>"; };
		45B9AF071E7D08D400513B2E /* EKWelcomeView.m */ = {isa = PBXFileReference; fileEncoding = 4; lastKnownFileType = sourcecode.c.objc; path = EKWelcomeView.m; sourceTree = "<group>"; };
		45B9AF0B1E7D08EE00513B2E /* EKWelcomeViewController.h */ = {isa = PBXFileReference; fileEncoding = 4; lastKnownFileType = sourcecode.c.h; path = EKWelcomeViewController.h; sourceTree = "<group>"; };
		45B9AF0C1E7D08EE00513B2E /* EKWelcomeViewController.m */ = {isa = PBXFileReference; fileEncoding = 4; lastKnownFileType = sourcecode.c.objc; path = EKWelcomeViewController.m; sourceTree = "<group>"; };
		45B9AF0E1E7DA32300513B2E /* img4.png */ = {isa = PBXFileReference; lastKnownFileType = image.png; path = img4.png; sourceTree = "<group>"; };
		45C6B7FE1DD2960A0067654B /* GoogleService-Info.plist */ = {isa = PBXFileReference; fileEncoding = 4; lastKnownFileType = text.plist.xml; path = "GoogleService-Info.plist"; sourceTree = "<group>"; };
		45C6B8001DD2A3F90067654B /* Social.framework */ = {isa = PBXFileReference; lastKnownFileType = wrapper.framework; name = Social.framework; path = System/Library/Frameworks/Social.framework; sourceTree = SDKROOT; };
		45E21AB41E8A15600042C2BC /* ReviewsTableViewCell.h */ = {isa = PBXFileReference; fileEncoding = 4; lastKnownFileType = sourcecode.c.h; path = ReviewsTableViewCell.h; sourceTree = "<group>"; };
		45E21AB51E8A15600042C2BC /* ReviewsTableViewCell.m */ = {isa = PBXFileReference; fileEncoding = 4; lastKnownFileType = sourcecode.c.objc; path = ReviewsTableViewCell.m; sourceTree = "<group>"; };
		45E21AB71E8A15F00042C2BC /* ReviewsTableViewController.h */ = {isa = PBXFileReference; fileEncoding = 4; lastKnownFileType = sourcecode.c.h; path = ReviewsTableViewController.h; sourceTree = "<group>"; };
		45E21AB81E8A15F00042C2BC /* ReviewsTableViewController.m */ = {isa = PBXFileReference; fileEncoding = 4; lastKnownFileType = sourcecode.c.objc; path = ReviewsTableViewController.m; sourceTree = "<group>"; };
		45FE255E1E8B2B7F00F2F14E /* Country.h */ = {isa = PBXFileReference; fileEncoding = 4; lastKnownFileType = sourcecode.c.h; path = Country.h; sourceTree = "<group>"; };
		45FE255F1E8B2B7F00F2F14E /* Country.m */ = {isa = PBXFileReference; fileEncoding = 4; lastKnownFileType = sourcecode.c.objc; path = Country.m; sourceTree = "<group>"; };
		45FE25621E8B343500F2F14E /* RMPhoneFormat.h */ = {isa = PBXFileReference; fileEncoding = 4; lastKnownFileType = sourcecode.c.h; path = RMPhoneFormat.h; sourceTree = "<group>"; };
		45FE25631E8B343500F2F14E /* RMPhoneFormat.m */ = {isa = PBXFileReference; fileEncoding = 4; lastKnownFileType = sourcecode.c.objc; path = RMPhoneFormat.m; sourceTree = "<group>"; };
		45FE25651E8B369B00F2F14E /* PhoneFormats.dat */ = {isa = PBXFileReference; lastKnownFileType = file; path = PhoneFormats.dat; sourceTree = "<group>"; };
		4F4E1BA3085A2E07E709DE22 /* libPods-clic pic review.a */ = {isa = PBXFileReference; explicitFileType = archive.ar; includeInIndex = 0; path = "libPods-clic pic review.a"; sourceTree = BUILT_PRODUCTS_DIR; };
		86355BF8E0C5E1D4C83BE495 /* libPods-DarrenScottSalonApp.a */ = {isa = PBXFileReference; explicitFileType = archive.ar; includeInIndex = 0; path = "libPods-DarrenScottSalonApp.a"; sourceTree = BUILT_PRODUCTS_DIR; };
		8FF0AA875CA448B782DCE7F1 /* Pods-DarrenScottSalonAppTests.release.xcconfig */ = {isa = PBXFileReference; includeInIndex = 1; lastKnownFileType = text.xcconfig; name = "Pods-DarrenScottSalonAppTests.release.xcconfig"; path = "Pods/Target Support Files/Pods-DarrenScottSalonAppTests/Pods-DarrenScottSalonAppTests.release.xcconfig"; sourceTree = "<group>"; };
		AA6CC166E488F03C2A1B9DF0 /* Pods-DarrenScottSalonAppTests.debug.xcconfig */ = {isa = PBXFileReference; includeInIndex = 1; lastKnownFileType = text.xcconfig; name = "Pods-DarrenScottSalonAppTests.debug.xcconfig"; path = "Pods/Target Support Files/Pods-DarrenScottSalonAppTests/Pods-DarrenScottSalonAppTests.debug.xcconfig"; sourceTree = "<group>"; };
		B16F2E3CC2C102E7586FEC9D /* Pods-clic pic reviewTests.debug.xcconfig */ = {isa = PBXFileReference; includeInIndex = 1; lastKnownFileType = text.xcconfig; name = "Pods-clic pic reviewTests.debug.xcconfig"; path = "Pods/Target Support Files/Pods-clic pic reviewTests/Pods-clic pic reviewTests.debug.xcconfig"; sourceTree = "<group>"; };
		B4B14ECFED660E9B2E0E4BD4 /* Pods-clic pic reviewTests.release.xcconfig */ = {isa = PBXFileReference; includeInIndex = 1; lastKnownFileType = text.xcconfig; name = "Pods-clic pic reviewTests.release.xcconfig"; path = "Pods/Target Support Files/Pods-clic pic reviewTests/Pods-clic pic reviewTests.release.xcconfig"; sourceTree = "<group>"; };
		D453EE1746104F00BB04BE44 /* Pods-clic pic review.release.xcconfig */ = {isa = PBXFileReference; includeInIndex = 1; lastKnownFileType = text.xcconfig; name = "Pods-clic pic review.release.xcconfig"; path = "Pods/Target Support Files/Pods-clic pic review/Pods-clic pic review.release.xcconfig"; sourceTree = "<group>"; };
		D8FF83F48A7CCDE892E7750A /* Pods-DarrenScottSalonApp.debug.xcconfig */ = {isa = PBXFileReference; includeInIndex = 1; lastKnownFileType = text.xcconfig; name = "Pods-DarrenScottSalonApp.debug.xcconfig"; path = "Pods/Target Support Files/Pods-DarrenScottSalonApp/Pods-DarrenScottSalonApp.debug.xcconfig"; sourceTree = "<group>"; };
/* End PBXFileReference section */

/* Begin PBXFrameworksBuildPhase section */
		025565D11DC2DAF8005A903E /* Frameworks */ = {
			isa = PBXFrameworksBuildPhase;
			buildActionMask = 2147483647;
			files = (
				45025D121E381F0C001FEAB6 /* Security.framework in Frameworks */,
				450703E71E36D408003B7793 /* Bolts.framework in Frameworks */,
				450703E81E36D408003B7793 /* FBSDKCoreKit.framework in Frameworks */,
				450703EB1E36D5FD003B7793 /* FBSDKLoginKit.framework in Frameworks */,
				450703E91E36D408003B7793 /* FBSDKShareKit.framework in Frameworks */,
				45C6B8011DD2A3F90067654B /* Social.framework in Frameworks */,
				C974EFF848C979EC65B5B37B /* libPods-clic pic review.a in Frameworks */,
			);
			runOnlyForDeploymentPostprocessing = 0;
		};
		025565ED1DC2DAF8005A903E /* Frameworks */ = {
			isa = PBXFrameworksBuildPhase;
			buildActionMask = 2147483647;
			files = (
				5CCAB07E22968F3514F80D2C /* libPods-DarrenScottSalonAppTests.a in Frameworks */,
				562BDAAE4AF94B16711391D2 /* libPods-clic pic reviewTests.a in Frameworks */,
			);
			runOnlyForDeploymentPostprocessing = 0;
		};
/* End PBXFrameworksBuildPhase section */

/* Begin PBXGroup section */
		025565CB1DC2DAF8005A903E = {
			isa = PBXGroup;
			children = (
				45026B5E1E91C55900122A01 /* clic pic review.entitlements */,
				025565D61DC2DAF8005A903E /* clicpicreviewApp */,
				025565F31DC2DAF8005A903E /* clicpicreviewTests */,
				025565D51DC2DAF8005A903E /* Products */,
				2112892D381349A5AE1C1774 /* Pods */,
				14349295A1A86115EE6C9DAD /* Frameworks */,
			);
			sourceTree = "<group>";
		};
		025565D51DC2DAF8005A903E /* Products */ = {
			isa = PBXGroup;
			children = (
				025565D41DC2DAF8005A903E /* clic pic review.app */,
				025565F01DC2DAF8005A903E /* clic pic reviewTests.xctest */,
			);
			name = Products;
			sourceTree = "<group>";
		};
		025565D61DC2DAF8005A903E /* clicpicreviewApp */ = {
			isa = PBXGroup;
			children = (
				45FE25611E8B342500F2F14E /* RMFormat */,
				45E21AB31E8A15490042C2BC /* Cells */,
				45155B721E89FEA5008250C7 /* Model */,
				45B9AF011E7D08C600513B2E /* EKWelcomeView */,
				454073A11E639092008F245E /* VKSlideMenu */,
				454073A01E638EE3008F245E /* Images */,
				4540739E1E638DDF008F245E /* Controller */,
				4540739A1E638AC2008F245E /* Fonts */,
				453835371E496EA100B34BB4 /* FSCalendar */,
				4538352F1E4962B900B34BB4 /* Controllers */,
				4538352B1E4960CB00B34BB4 /* Buttons */,
				453835271E495F6A00B34BB4 /* ACFloatingTextField */,
				45025D441E384D4C001FEAB6 /* Assets */,
				02C18A6F1DC2F2E6008745BE /* ASStarRatingView */,
				025565DB1DC2DAF8005A903E /* AppDelegate.h */,
				025565DC1DC2DAF8005A903E /* AppDelegate.m */,
				45C6B7FE1DD2960A0067654B /* GoogleService-Info.plist */,
				025565E71DC2DAF8005A903E /* Images.xcassets */,
				45FE25651E8B369B00F2F14E /* PhoneFormats.dat */,
				45025D6F1E3851E4001FEAB6 /* Main.storyboard */,
				025565E91DC2DAF8005A903E /* LaunchScreen.xib */,
				025565DE1DC2DAF8005A903E /* DarrenScottSalonApp.xcdatamodeld */,
				025565D71DC2DAF8005A903E /* Supporting Files */,
			);
			name = clicpicreviewApp;
			path = DarrenScottSalonApp;
			sourceTree = "<group>";
		};
		025565D71DC2DAF8005A903E /* Supporting Files */ = {
			isa = PBXGroup;
			children = (
				025565D81DC2DAF8005A903E /* Info.plist */,
				025565D91DC2DAF8005A903E /* main.m */,
			);
			name = "Supporting Files";
			sourceTree = "<group>";
		};
		025565F31DC2DAF8005A903E /* clicpicreviewTests */ = {
			isa = PBXGroup;
			children = (
				025565F61DC2DAF8005A903E /* DarrenScottSalonAppTests.m */,
				025565F41DC2DAF8005A903E /* Supporting Files */,
			);
			name = clicpicreviewTests;
			path = DarrenScottSalonAppTests;
			sourceTree = "<group>";
		};
		025565F41DC2DAF8005A903E /* Supporting Files */ = {
			isa = PBXGroup;
			children = (
				025565F51DC2DAF8005A903E /* Info.plist */,
			);
			name = "Supporting Files";
			sourceTree = "<group>";
		};
		02C18A6F1DC2F2E6008745BE /* ASStarRatingView */ = {
			isa = PBXGroup;
			children = (
				02C18A701DC2F307008745BE /* ASStarRatingView.h */,
				02C18A711DC2F307008745BE /* ASStarRatingView.m */,
			);
			name = ASStarRatingView;
			sourceTree = "<group>";
		};
		14349295A1A86115EE6C9DAD /* Frameworks */ = {
			isa = PBXGroup;
			children = (
				45025D111E381F0C001FEAB6 /* Security.framework */,
				450703EA1E36D5FD003B7793 /* FBSDKLoginKit.framework */,
				450703E41E36D408003B7793 /* Bolts.framework */,
				450703E51E36D408003B7793 /* FBSDKCoreKit.framework */,
				450703E61E36D408003B7793 /* FBSDKShareKit.framework */,
				45C6B8001DD2A3F90067654B /* Social.framework */,
				86355BF8E0C5E1D4C83BE495 /* libPods-DarrenScottSalonApp.a */,
				0DB04EBBF36AB7A0C112AAE5 /* libPods-DarrenScottSalonAppTests.a */,
				4F4E1BA3085A2E07E709DE22 /* libPods-clic pic review.a */,
				2FBFB5E484F2F7E7340A3259 /* libPods-clic pic reviewTests.a */,
			);
			name = Frameworks;
			sourceTree = "<group>";
		};
		2112892D381349A5AE1C1774 /* Pods */ = {
			isa = PBXGroup;
			children = (
				D8FF83F48A7CCDE892E7750A /* Pods-DarrenScottSalonApp.debug.xcconfig */,
				128D1374D90FECCC4482D81A /* Pods-DarrenScottSalonApp.release.xcconfig */,
				AA6CC166E488F03C2A1B9DF0 /* Pods-DarrenScottSalonAppTests.debug.xcconfig */,
				8FF0AA875CA448B782DCE7F1 /* Pods-DarrenScottSalonAppTests.release.xcconfig */,
				1509F0AE6089A9E0D1F5839F /* Pods-clic pic review.debug.xcconfig */,
				D453EE1746104F00BB04BE44 /* Pods-clic pic review.release.xcconfig */,
				B16F2E3CC2C102E7586FEC9D /* Pods-clic pic reviewTests.debug.xcconfig */,
				B4B14ECFED660E9B2E0E4BD4 /* Pods-clic pic reviewTests.release.xcconfig */,
			);
			name = Pods;
			sourceTree = "<group>";
		};
		45155B721E89FEA5008250C7 /* Model */ = {
			isa = PBXGroup;
			children = (
				45155B731E89FEBE008250C7 /* User.h */,
				45155B741E89FEBE008250C7 /* User.m */,
				45155B761E89FF5B008250C7 /* Review.h */,
				45155B771E89FF5B008250C7 /* Review.m */,
				45FE255E1E8B2B7F00F2F14E /* Country.h */,
				45FE255F1E8B2B7F00F2F14E /* Country.m */,
			);
			name = Model;
			sourceTree = "<group>";
		};
		453835271E495F6A00B34BB4 /* ACFloatingTextField */ = {
			isa = PBXGroup;
			children = (
				453835281E495FB700B34BB4 /* ACFloatingTextField.h */,
				453835291E495FB700B34BB4 /* ACFloatingTextField.m */,
			);
			name = ACFloatingTextField;
			sourceTree = "<group>";
		};
		4538352B1E4960CB00B34BB4 /* Buttons */ = {
			isa = PBXGroup;
			children = (
				4538352C1E4960D100B34BB4 /* UIUnderlinedButton.h */,
				4538352D1E4960D100B34BB4 /* UIUnderlinedButton.m */,
			);
			name = Buttons;
			sourceTree = "<group>";
		};
		4538352F1E4962B900B34BB4 /* Controllers */ = {
			isa = PBXGroup;
			children = (
				453835301E4962CD00B34BB4 /* Register1ViewController.h */,
				453835311E4962CD00B34BB4 /* Register1ViewController.m */,
				453835331E4962DD00B34BB4 /* Register2ViewController.h */,
				453835341E4962DD00B34BB4 /* Register2ViewController.m */,
				453835681E496FFF00B34BB4 /* CalendarViewController.h */,
				453835691E496FFF00B34BB4 /* CalendarViewController.m */,
				45155B6F1E89DA14008250C7 /* SignInViewController.h */,
				45155B701E89DA14008250C7 /* SignInViewController.m */,
				45E21AB71E8A15F00042C2BC /* ReviewsTableViewController.h */,
				45E21AB81E8A15F00042C2BC /* ReviewsTableViewController.m */,
				45751B311E986A7900583E74 /* ReviewViewController.h */,
				45751B321E986A7900583E74 /* ReviewViewController.m */,
			);
			name = Controllers;
			sourceTree = "<group>";
		};
		453835371E496EA100B34BB4 /* FSCalendar */ = {
			isa = PBXGroup;
			children = (
				453835381E496FCD00B34BB4 /* FSCalendar.h */,
				453835391E496FCD00B34BB4 /* FSCalendar.m */,
				4538353A1E496FCD00B34BB4 /* FSCalendar+Deprecated.m */,
				4538353B1E496FCD00B34BB4 /* FSCalendarAppearance.h */,
				4538353C1E496FCD00B34BB4 /* FSCalendarAppearance.m */,
				4538353D1E496FCD00B34BB4 /* FSCalendarCalculator.h */,
				4538353E1E496FCD00B34BB4 /* FSCalendarCalculator.m */,
				4538353F1E496FCD00B34BB4 /* FSCalendarCell.h */,
				453835401E496FCD00B34BB4 /* FSCalendarCell.m */,
				453835411E496FCD00B34BB4 /* FSCalendarCollectionView.h */,
				453835421E496FCD00B34BB4 /* FSCalendarCollectionView.m */,
				453835431E496FCD00B34BB4 /* FSCalendarCollectionViewLayout.h */,
				453835441E496FCD00B34BB4 /* FSCalendarCollectionViewLayout.m */,
				453835451E496FCD00B34BB4 /* FSCalendarConstants.h */,
				453835461E496FCD00B34BB4 /* FSCalendarConstants.m */,
				453835471E496FCD00B34BB4 /* FSCalendarDelegationFactory.h */,
				453835481E496FCD00B34BB4 /* FSCalendarDelegationFactory.m */,
				453835491E496FCD00B34BB4 /* FSCalendarDelegationProxy.h */,
				4538354A1E496FCD00B34BB4 /* FSCalendarDelegationProxy.m */,
				4538354B1E496FCD00B34BB4 /* FSCalendarDynamicHeader.h */,
				4538354C1E496FCD00B34BB4 /* FSCalendarExtensions.h */,
				4538354D1E496FCD00B34BB4 /* FSCalendarExtensions.m */,
				4538354E1E496FCD00B34BB4 /* FSCalendarHeaderView.h */,
				4538354F1E496FCD00B34BB4 /* FSCalendarHeaderView.m */,
				453835501E496FCD00B34BB4 /* FSCalendarScopeHandle.h */,
				453835511E496FCD00B34BB4 /* FSCalendarScopeHandle.m */,
				453835521E496FCD00B34BB4 /* FSCalendarStickyHeader.h */,
				453835531E496FCD00B34BB4 /* FSCalendarStickyHeader.m */,
				453835541E496FCD00B34BB4 /* FSCalendarTransitionCoordinator.h */,
				453835551E496FCD00B34BB4 /* FSCalendarTransitionCoordinator.m */,
				453835561E496FCD00B34BB4 /* FSCalendarWeekdayView.h */,
				453835571E496FCD00B34BB4 /* FSCalendarWeekdayView.m */,
			);
			name = FSCalendar;
			sourceTree = "<group>";
		};
		4540739A1E638AC2008F245E /* Fonts */ = {
			isa = PBXGroup;
			children = (
				451F948C1E64E8300006C105 /* Syncopate-Bold.ttf */,
				4540739B1E638AF3008F245E /* Syncopate-Regular.ttf */,
			);
			name = Fonts;
			sourceTree = "<group>";
		};
		4540739E1E638DDF008F245E /* Controller */ = {
			isa = PBXGroup;
			children = (
				450927DC1DF4D0730052EB54 /* NavigationViewController.h */,
				450927DD1DF4D0730052EB54 /* NavigationViewController.m */,
				450703E11E36D306003B7793 /* LoginViewController.h */,
				450703E21E36D306003B7793 /* LoginViewController.m */,
				45025D761E385BF3001FEAB6 /* ProfileViewController.h */,
				45025D771E385BF3001FEAB6 /* ProfileViewController.m */,
				45B2F73F1DE27C3100AAB600 /* TermsAndConditionsViewController.h */,
				45B2F7401DE27C3100AAB600 /* TermsAndConditionsViewController.m */,
				025565E11DC2DAF8005A903E /* ViewController.h */,
				025565E21DC2DAF8005A903E /* ViewController.m */,
			);
			name = Controller;
			sourceTree = "<group>";
		};
		454073A01E638EE3008F245E /* Images */ = {
			isa = PBXGroup;
			children = (
				45B9AF0E1E7DA32300513B2E /* img4.png */,
				45B829A91E6BDA760012B220 /* img3.png */,
				45B829831E6BD7650012B220 /* bg1@2x.png */,
				45B829841E6BD7650012B220 /* bg2@2x.png */,
				45B829851E6BD7650012B220 /* bg3@2x.png */,
				45B829861E6BD7650012B220 /* bg4@2x.png */,
				45B829871E6BD7650012B220 /* bigLogo@2x.png */,
				45B829881E6BD7650012B220 /* icon1@2x.png */,
				45B829891E6BD7650012B220 /* icon2@2x.png */,
				45B8298A1E6BD7650012B220 /* icon3@2x.png */,
				45B8298B1E6BD7650012B220 /* img1.png */,
				45B8298C1E6BD7650012B220 /* img2.png */,
				45B8298F1E6BD7650012B220 /* pageDot.png */,
				45B829901E6BD7650012B220 /* pageDot@2x.png */,
				45B829911E6BD7650012B220 /* skipButton@2x.png */,
				45B829921E6BD7650012B220 /* title1@2x.png */,
				45B829931E6BD7650012B220 /* title2@2x.png */,
				45B829941E6BD7650012B220 /* title3@2x.png */,
				45B829951E6BD7650012B220 /* title4@2x.png */,
				45025D721E385A38001FEAB6 /* menu-button.png */,
				45025D731E385A38001FEAB6 /* menu-button@2x.png */,
			);
			name = Images;
			sourceTree = "<group>";
		};
		454073A11E639092008F245E /* VKSlideMenu */ = {
			isa = PBXGroup;
			children = (
				454073A21E63909C008F245E /* VKSideMenu.h */,
				454073A31E63909C008F245E /* VKSideMenu.m */,
			);
			name = VKSlideMenu;
			sourceTree = "<group>";
		};
		45B9AF011E7D08C600513B2E /* EKWelcomeView */ = {
			isa = PBXGroup;
			children = (
				45B9AF0B1E7D08EE00513B2E /* EKWelcomeViewController.h */,
				45B9AF0C1E7D08EE00513B2E /* EKWelcomeViewController.m */,
				45B9AF021E7D08D400513B2E /* EKFirstHintView.h */,
				45B9AF031E7D08D400513B2E /* EKFirstHintView.m */,
				45B9AF041E7D08D400513B2E /* EKSecondHintView.h */,
				45B9AF051E7D08D400513B2E /* EKSecondHintView.m */,
				45B9AF061E7D08D400513B2E /* EKWelcomeView.h */,
				45B9AF071E7D08D400513B2E /* EKWelcomeView.m */,
			);
			name = EKWelcomeView;
			sourceTree = "<group>";
		};
		45E21AB31E8A15490042C2BC /* Cells */ = {
			isa = PBXGroup;
			children = (
				45E21AB41E8A15600042C2BC /* ReviewsTableViewCell.h */,
				45E21AB51E8A15600042C2BC /* ReviewsTableViewCell.m */,
			);
			name = Cells;
			sourceTree = "<group>";
		};
		45FE25611E8B342500F2F14E /* RMFormat */ = {
			isa = PBXGroup;
			children = (
				45FE25621E8B343500F2F14E /* RMPhoneFormat.h */,
				45FE25631E8B343500F2F14E /* RMPhoneFormat.m */,
			);
			name = RMFormat;
			sourceTree = "<group>";
		};
/* End PBXGroup section */

/* Begin PBXNativeTarget section */
		025565D31DC2DAF8005A903E /* clic pic review */ = {
			isa = PBXNativeTarget;
			buildConfigurationList = 025565FA1DC2DAF8005A903E /* Build configuration list for PBXNativeTarget "clic pic review" */;
			buildPhases = (
				5D3814B4AB644891951395D1 /* [CP] Check Pods Manifest.lock */,
				025565D01DC2DAF8005A903E /* Sources */,
				025565D11DC2DAF8005A903E /* Frameworks */,
				025565D21DC2DAF8005A903E /* Resources */,
				8A0FA957454656AD7311B0EF /* [CP] Embed Pods Frameworks */,
				AFBCF4ECCAE9F7E287C130CA /* [CP] Copy Pods Resources */,
				45026B5F1E91CA2600122A01 /* ShellScript */,
			);
			buildRules = (
			);
			dependencies = (
			);
			name = "clic pic review";
			productName = DarrenScottSalonApp;
			productReference = 025565D41DC2DAF8005A903E /* clic pic review.app */;
			productType = "com.apple.product-type.application";
		};
		025565EF1DC2DAF8005A903E /* clic pic reviewTests */ = {
			isa = PBXNativeTarget;
			buildConfigurationList = 025565FD1DC2DAF8005A903E /* Build configuration list for PBXNativeTarget "clic pic reviewTests" */;
			buildPhases = (
				4A8C15DB4D6CB3052F098062 /* [CP] Check Pods Manifest.lock */,
				025565EC1DC2DAF8005A903E /* Sources */,
				025565ED1DC2DAF8005A903E /* Frameworks */,
				025565EE1DC2DAF8005A903E /* Resources */,
				7105B4F4EC135AD23AD4D3F5 /* [CP] Embed Pods Frameworks */,
				287A14FF4A09CDAC40370661 /* [CP] Copy Pods Resources */,
			);
			buildRules = (
			);
			dependencies = (
				025565F21DC2DAF8005A903E /* PBXTargetDependency */,
			);
			name = "clic pic reviewTests";
			productName = DarrenScottSalonAppTests;
			productReference = 025565F01DC2DAF8005A903E /* clic pic reviewTests.xctest */;
			productType = "com.apple.product-type.bundle.unit-test";
		};
/* End PBXNativeTarget section */

/* Begin PBXProject section */
		025565CC1DC2DAF8005A903E /* Project object */ = {
			isa = PBXProject;
			attributes = {
				LastUpgradeCheck = 0810;
				ORGANIZATIONNAME = maranta;
				TargetAttributes = {
					025565D31DC2DAF8005A903E = {
						CreatedOnToolsVersion = 6.4;
						DevelopmentTeam = 9ZZEJK9DFN;
						SystemCapabilities = {
							com.apple.Keychain = {
								enabled = 1;
							};
						};
					};
					025565EF1DC2DAF8005A903E = {
						CreatedOnToolsVersion = 6.4;
						TestTargetID = 025565D31DC2DAF8005A903E;
					};
				};
			};
			buildConfigurationList = 025565CF1DC2DAF8005A903E /* Build configuration list for PBXProject "clic pic review" */;
			compatibilityVersion = "Xcode 3.2";
			developmentRegion = English;
			hasScannedForEncodings = 0;
			knownRegions = (
				en,
				Base,
			);
			mainGroup = 025565CB1DC2DAF8005A903E;
			productRefGroup = 025565D51DC2DAF8005A903E /* Products */;
			projectDirPath = "";
			projectRoot = "";
			targets = (
				025565D31DC2DAF8005A903E /* clic pic review */,
				025565EF1DC2DAF8005A903E /* clic pic reviewTests */,
			);
		};
/* End PBXProject section */

/* Begin PBXResourcesBuildPhase section */
		025565D21DC2DAF8005A903E /* Resources */ = {
			isa = PBXResourcesBuildPhase;
			buildActionMask = 2147483647;
			files = (
				45FE25661E8B375100F2F14E /* PhoneFormats.dat in Resources */,
				45B8299C1E6BD7650012B220 /* icon2@2x.png in Resources */,
				451F948D1E64E8700006C105 /* Syncopate-Bold.ttf in Resources */,
				451F948B1E64D6150006C105 /* Syncopate-Regular.ttf in Resources */,
				45B9AF0F1E7DA32300513B2E /* img4.png in Resources */,
				45B829AA1E6BDA760012B220 /* img3.png in Resources */,
				45B829A21E6BD7650012B220 /* pageDot.png in Resources */,
				45B8299B1E6BD7650012B220 /* icon1@2x.png in Resources */,
				45025D451E384D4C001FEAB6 /* Assets in Resources */,
				45B829A31E6BD7650012B220 /* pageDot@2x.png in Resources */,
				45B829A81E6BD7650012B220 /* title4@2x.png in Resources */,
				45B8299F1E6BD7650012B220 /* img2.png in Resources */,
				45C6B7FF1DD2960A0067654B /* GoogleService-Info.plist in Resources */,
				45B8299A1E6BD7650012B220 /* bigLogo@2x.png in Resources */,
				45B829A51E6BD7650012B220 /* title1@2x.png in Resources */,
				45025D711E3851E4001FEAB6 /* Main.storyboard in Resources */,
				025565EB1DC2DAF8005A903E /* LaunchScreen.xib in Resources */,
				45B829A61E6BD7650012B220 /* title2@2x.png in Resources */,
				45025D751E385A38001FEAB6 /* menu-button@2x.png in Resources */,
				45B829991E6BD7650012B220 /* bg4@2x.png in Resources */,
				45B8299E1E6BD7650012B220 /* img1.png in Resources */,
				45025D741E385A38001FEAB6 /* menu-button.png in Resources */,
				45B829961E6BD7650012B220 /* bg1@2x.png in Resources */,
				45B829A41E6BD7650012B220 /* skipButton@2x.png in Resources */,
				45B829A71E6BD7650012B220 /* title3@2x.png in Resources */,
				45B829981E6BD7650012B220 /* bg3@2x.png in Resources */,
				45B8299D1E6BD7650012B220 /* icon3@2x.png in Resources */,
				45B829971E6BD7650012B220 /* bg2@2x.png in Resources */,
				025565E81DC2DAF8005A903E /* Images.xcassets in Resources */,
			);
			runOnlyForDeploymentPostprocessing = 0;
		};
		025565EE1DC2DAF8005A903E /* Resources */ = {
			isa = PBXResourcesBuildPhase;
			buildActionMask = 2147483647;
			files = (
			);
			runOnlyForDeploymentPostprocessing = 0;
		};
/* End PBXResourcesBuildPhase section */

/* Begin PBXShellScriptBuildPhase section */
		287A14FF4A09CDAC40370661 /* [CP] Copy Pods Resources */ = {
			isa = PBXShellScriptBuildPhase;
			buildActionMask = 2147483647;
			files = (
			);
			inputPaths = (
			);
			name = "[CP] Copy Pods Resources";
			outputPaths = (
			);
			runOnlyForDeploymentPostprocessing = 0;
			shellPath = /bin/sh;
			shellScript = "\"${SRCROOT}/Pods/Target Support Files/Pods-clic pic reviewTests/Pods-clic pic reviewTests-resources.sh\"\n";
			showEnvVarsInLog = 0;
		};
		45026B5F1E91CA2600122A01 /* ShellScript */ = {
			isa = PBXShellScriptBuildPhase;
			buildActionMask = 2147483647;
			files = (
			);
			inputPaths = (
			);
			outputPaths = (
			);
			runOnlyForDeploymentPostprocessing = 0;
			shellPath = /bin/sh;
			shellScript = "\"${PODS_ROOT}/Fabric/run\" e435b304a46bf06510f09731887cefff46e05342 dc9b121821afb1579f0bddafe7f00893144b630cf6e559bf3d639867768e8b84";
		};
		4A8C15DB4D6CB3052F098062 /* [CP] Check Pods Manifest.lock */ = {
			isa = PBXShellScriptBuildPhase;
			buildActionMask = 2147483647;
			files = (
			);
			inputPaths = (
			);
			name = "[CP] Check Pods Manifest.lock";
			outputPaths = (
			);
			runOnlyForDeploymentPostprocessing = 0;
			shellPath = /bin/sh;
			shellScript = "diff \"${PODS_ROOT}/../Podfile.lock\" \"${PODS_ROOT}/Manifest.lock\" > /dev/null\nif [[ $? != 0 ]] ; then\n    cat << EOM\nerror: The sandbox is not in sync with the Podfile.lock. Run 'pod install' or update your CocoaPods installation.\nEOM\n    exit 1\nfi\n";
			showEnvVarsInLog = 0;
		};
		5D3814B4AB644891951395D1 /* [CP] Check Pods Manifest.lock */ = {
			isa = PBXShellScriptBuildPhase;
			buildActionMask = 2147483647;
			files = (
			);
			inputPaths = (
			);
			name = "[CP] Check Pods Manifest.lock";
			outputPaths = (
			);
			runOnlyForDeploymentPostprocessing = 0;
			shellPath = /bin/sh;
			shellScript = "diff \"${PODS_ROOT}/../Podfile.lock\" \"${PODS_ROOT}/Manifest.lock\" > /dev/null\nif [[ $? != 0 ]] ; then\n    cat << EOM\nerror: The sandbox is not in sync with the Podfile.lock. Run 'pod install' or update your CocoaPods installation.\nEOM\n    exit 1\nfi\n";
			showEnvVarsInLog = 0;
		};
		7105B4F4EC135AD23AD4D3F5 /* [CP] Embed Pods Frameworks */ = {
			isa = PBXShellScriptBuildPhase;
			buildActionMask = 2147483647;
			files = (
			);
			inputPaths = (
			);
			name = "[CP] Embed Pods Frameworks";
			outputPaths = (
			);
			runOnlyForDeploymentPostprocessing = 0;
			shellPath = /bin/sh;
			shellScript = "\"${SRCROOT}/Pods/Target Support Files/Pods-clic pic reviewTests/Pods-clic pic reviewTests-frameworks.sh\"\n";
			showEnvVarsInLog = 0;
		};
		8A0FA957454656AD7311B0EF /* [CP] Embed Pods Frameworks */ = {
			isa = PBXShellScriptBuildPhase;
			buildActionMask = 2147483647;
			files = (
			);
			inputPaths = (
			);
			name = "[CP] Embed Pods Frameworks";
			outputPaths = (
			);
			runOnlyForDeploymentPostprocessing = 0;
			shellPath = /bin/sh;
			shellScript = "\"${SRCROOT}/Pods/Target Support Files/Pods-clic pic review/Pods-clic pic review-frameworks.sh\"\n";
			showEnvVarsInLog = 0;
		};
		AFBCF4ECCAE9F7E287C130CA /* [CP] Copy Pods Resources */ = {
			isa = PBXShellScriptBuildPhase;
			buildActionMask = 2147483647;
			files = (
			);
			inputPaths = (
			);
			name = "[CP] Copy Pods Resources";
			outputPaths = (
			);
			runOnlyForDeploymentPostprocessing = 0;
			shellPath = /bin/sh;
			shellScript = "\"${SRCROOT}/Pods/Target Support Files/Pods-clic pic review/Pods-clic pic review-resources.sh\"\n";
			showEnvVarsInLog = 0;
		};
/* End PBXShellScriptBuildPhase section */

/* Begin PBXSourcesBuildPhase section */
		025565D01DC2DAF8005A903E /* Sources */ = {
			isa = PBXSourcesBuildPhase;
			buildActionMask = 2147483647;
			files = (
				45155B751E89FEBE008250C7 /* User.m in Sources */,
				4538352E1E4960D100B34BB4 /* UIUnderlinedButton.m in Sources */,
				4538355E1E496FCD00B34BB4 /* FSCalendarCollectionViewLayout.m in Sources */,
				453835581E496FCD00B34BB4 /* FSCalendar.m in Sources */,
				450703E31E36D306003B7793 /* LoginViewController.m in Sources */,
				45B9AF0D1E7D08EE00513B2E /* EKWelcomeViewController.m in Sources */,
				453835631E496FCD00B34BB4 /* FSCalendarHeaderView.m in Sources */,
				453835611E496FCD00B34BB4 /* FSCalendarDelegationProxy.m in Sources */,
				45B2F7411DE27C3100AAB600 /* TermsAndConditionsViewController.m in Sources */,
				02C18A721DC2F307008745BE /* ASStarRatingView.m in Sources */,
				454073A41E63909C008F245E /* VKSideMenu.m in Sources */,
				45E21AB91E8A15F00042C2BC /* ReviewsTableViewController.m in Sources */,
				450927DE1DF4D0730052EB54 /* NavigationViewController.m in Sources */,
				4538352A1E495FB700B34BB4 /* ACFloatingTextField.m in Sources */,
				453835641E496FCD00B34BB4 /* FSCalendarScopeHandle.m in Sources */,
				453835671E496FCD00B34BB4 /* FSCalendarWeekdayView.m in Sources */,
				4538356A1E496FFF00B34BB4 /* CalendarViewController.m in Sources */,
				025565DD1DC2DAF8005A903E /* AppDelegate.m in Sources */,
				45155B711E89DA14008250C7 /* SignInViewController.m in Sources */,
				45B9AF0A1E7D08D400513B2E /* EKWelcomeView.m in Sources */,
				453835601E496FCD00B34BB4 /* FSCalendarDelegationFactory.m in Sources */,
				4538355A1E496FCD00B34BB4 /* FSCalendarAppearance.m in Sources */,
				45025D781E385BF3001FEAB6 /* ProfileViewController.m in Sources */,
				45B9AF081E7D08D400513B2E /* EKFirstHintView.m in Sources */,
				4538355F1E496FCD00B34BB4 /* FSCalendarConstants.m in Sources */,
				453835591E496FCD00B34BB4 /* FSCalendar+Deprecated.m in Sources */,
				453835651E496FCD00B34BB4 /* FSCalendarStickyHeader.m in Sources */,
				453835661E496FCD00B34BB4 /* FSCalendarTransitionCoordinator.m in Sources */,
				453835351E4962DD00B34BB4 /* Register2ViewController.m in Sources */,
				453835621E496FCD00B34BB4 /* FSCalendarExtensions.m in Sources */,
				4538355B1E496FCD00B34BB4 /* FSCalendarCalculator.m in Sources */,
				45751B331E986A7900583E74 /* ReviewViewController.m in Sources */,
				45FE25601E8B2B7F00F2F14E /* Country.m in Sources */,
				45E21AB61E8A15600042C2BC /* ReviewsTableViewCell.m in Sources */,
				025565E01DC2DAF8005A903E /* DarrenScottSalonApp.xcdatamodeld in Sources */,
				45155B781E89FF5B008250C7 /* Review.m in Sources */,
				025565E31DC2DAF8005A903E /* ViewController.m in Sources */,
				45FE25641E8B343500F2F14E /* RMPhoneFormat.m in Sources */,
				025565DA1DC2DAF8005A903E /* main.m in Sources */,
				45B9AF091E7D08D400513B2E /* EKSecondHintView.m in Sources */,
				4538355D1E496FCD00B34BB4 /* FSCalendarCollectionView.m in Sources */,
				453835321E4962CD00B34BB4 /* Register1ViewController.m in Sources */,
				4538355C1E496FCD00B34BB4 /* FSCalendarCell.m in Sources */,
			);
			runOnlyForDeploymentPostprocessing = 0;
		};
		025565EC1DC2DAF8005A903E /* Sources */ = {
			isa = PBXSourcesBuildPhase;
			buildActionMask = 2147483647;
			files = (
				025565F71DC2DAF8005A903E /* DarrenScottSalonAppTests.m in Sources */,
			);
			runOnlyForDeploymentPostprocessing = 0;
		};
/* End PBXSourcesBuildPhase section */

/* Begin PBXTargetDependency section */
		025565F21DC2DAF8005A903E /* PBXTargetDependency */ = {
			isa = PBXTargetDependency;
			target = 025565D31DC2DAF8005A903E /* clic pic review */;
			targetProxy = 025565F11DC2DAF8005A903E /* PBXContainerItemProxy */;
		};
/* End PBXTargetDependency section */

/* Begin PBXVariantGroup section */
		025565E91DC2DAF8005A903E /* LaunchScreen.xib */ = {
			isa = PBXVariantGroup;
			children = (
				025565EA1DC2DAF8005A903E /* Base */,
			);
			name = LaunchScreen.xib;
			sourceTree = "<group>";
		};
		45025D6F1E3851E4001FEAB6 /* Main.storyboard */ = {
			isa = PBXVariantGroup;
			children = (
				45025D701E3851E4001FEAB6 /* Base */,
			);
			name = Main.storyboard;
			sourceTree = "<group>";
		};
/* End PBXVariantGroup section */

/* Begin XCBuildConfiguration section */
		025565F81DC2DAF8005A903E /* Debug */ = {
			isa = XCBuildConfiguration;
			buildSettings = {
				ALWAYS_SEARCH_USER_PATHS = NO;
				CLANG_CXX_LANGUAGE_STANDARD = "gnu++0x";
				CLANG_CXX_LIBRARY = "libc++";
				CLANG_ENABLE_MODULES = YES;
				CLANG_ENABLE_OBJC_ARC = YES;
				CLANG_WARN_BOOL_CONVERSION = YES;
				CLANG_WARN_CONSTANT_CONVERSION = YES;
				CLANG_WARN_DIRECT_OBJC_ISA_USAGE = YES_ERROR;
				CLANG_WARN_EMPTY_BODY = YES;
				CLANG_WARN_ENUM_CONVERSION = YES;
				CLANG_WARN_INFINITE_RECURSION = YES;
				CLANG_WARN_INT_CONVERSION = YES;
				CLANG_WARN_OBJC_ROOT_CLASS = YES_ERROR;
				CLANG_WARN_SUSPICIOUS_MOVE = YES;
				CLANG_WARN_UNREACHABLE_CODE = YES;
				CLANG_WARN__DUPLICATE_METHOD_MATCH = YES;
				"CODE_SIGN_IDENTITY[sdk=iphoneos*]" = "iPhone Developer";
				COPY_PHASE_STRIP = NO;
				DEBUG_INFORMATION_FORMAT = "dwarf-with-dsym";
				ENABLE_STRICT_OBJC_MSGSEND = YES;
				ENABLE_TESTABILITY = YES;
				GCC_C_LANGUAGE_STANDARD = gnu99;
				GCC_DYNAMIC_NO_PIC = NO;
				GCC_NO_COMMON_BLOCKS = YES;
				GCC_OPTIMIZATION_LEVEL = 0;
				GCC_PREPROCESSOR_DEFINITIONS = (
					"DEBUG=1",
					"$(inherited)",
				);
				GCC_SYMBOLS_PRIVATE_EXTERN = NO;
				GCC_WARN_64_TO_32_BIT_CONVERSION = YES;
				GCC_WARN_ABOUT_RETURN_TYPE = YES_ERROR;
				GCC_WARN_UNDECLARED_SELECTOR = YES;
				GCC_WARN_UNINITIALIZED_AUTOS = YES_AGGRESSIVE;
				GCC_WARN_UNUSED_FUNCTION = YES;
				GCC_WARN_UNUSED_VARIABLE = YES;
				IPHONEOS_DEPLOYMENT_TARGET = 8.4;
				MTL_ENABLE_DEBUG_INFO = YES;
				ONLY_ACTIVE_ARCH = YES;
				SDKROOT = iphoneos;
				TARGETED_DEVICE_FAMILY = "1,2";
			};
			name = Debug;
		};
		025565F91DC2DAF8005A903E /* Release */ = {
			isa = XCBuildConfiguration;
			buildSettings = {
				ALWAYS_SEARCH_USER_PATHS = NO;
				CLANG_CXX_LANGUAGE_STANDARD = "gnu++0x";
				CLANG_CXX_LIBRARY = "libc++";
				CLANG_ENABLE_MODULES = YES;
				CLANG_ENABLE_OBJC_ARC = YES;
				CLANG_WARN_BOOL_CONVERSION = YES;
				CLANG_WARN_CONSTANT_CONVERSION = YES;
				CLANG_WARN_DIRECT_OBJC_ISA_USAGE = YES_ERROR;
				CLANG_WARN_EMPTY_BODY = YES;
				CLANG_WARN_ENUM_CONVERSION = YES;
				CLANG_WARN_INFINITE_RECURSION = YES;
				CLANG_WARN_INT_CONVERSION = YES;
				CLANG_WARN_OBJC_ROOT_CLASS = YES_ERROR;
				CLANG_WARN_SUSPICIOUS_MOVE = YES;
				CLANG_WARN_UNREACHABLE_CODE = YES;
				CLANG_WARN__DUPLICATE_METHOD_MATCH = YES;
				"CODE_SIGN_IDENTITY[sdk=iphoneos*]" = "iPhone Developer";
				COPY_PHASE_STRIP = NO;
				DEBUG_INFORMATION_FORMAT = "dwarf-with-dsym";
				ENABLE_NS_ASSERTIONS = NO;
				ENABLE_STRICT_OBJC_MSGSEND = YES;
				GCC_C_LANGUAGE_STANDARD = gnu99;
				GCC_NO_COMMON_BLOCKS = YES;
				GCC_WARN_64_TO_32_BIT_CONVERSION = YES;
				GCC_WARN_ABOUT_RETURN_TYPE = YES_ERROR;
				GCC_WARN_UNDECLARED_SELECTOR = YES;
				GCC_WARN_UNINITIALIZED_AUTOS = YES_AGGRESSIVE;
				GCC_WARN_UNUSED_FUNCTION = YES;
				GCC_WARN_UNUSED_VARIABLE = YES;
				IPHONEOS_DEPLOYMENT_TARGET = 8.4;
				MTL_ENABLE_DEBUG_INFO = NO;
				SDKROOT = iphoneos;
				TARGETED_DEVICE_FAMILY = "1,2";
				VALIDATE_PRODUCT = YES;
			};
			name = Release;
		};
		025565FB1DC2DAF8005A903E /* Debug */ = {
			isa = XCBuildConfiguration;
			baseConfigurationReference = 1509F0AE6089A9E0D1F5839F /* Pods-clic pic review.debug.xcconfig */;
			buildSettings = {
				ASSETCATALOG_COMPILER_APPICON_NAME = AppIcon;
				CODE_SIGN_ENTITLEMENTS = "clic pic review.entitlements";
				DEVELOPMENT_TEAM = 9ZZEJK9DFN;
				FRAMEWORK_SEARCH_PATHS = (
					"$(inherited)",
					"$(PROJECT_DIR)",
				);
				INFOPLIST_FILE = DarrenScottSalonApp/Info.plist;
				IPHONEOS_DEPLOYMENT_TARGET = 10.0;
				LD_RUNPATH_SEARCH_PATHS = "$(inherited) @executable_path/Frameworks";
				PRODUCT_BUNDLE_IDENTIFIER = com.maranta.darrenscott.DarrenScottSalonApp;
				PRODUCT_NAME = "$(TARGET_NAME)";
				TARGETED_DEVICE_FAMILY = 1;
			};
			name = Debug;
		};
		025565FC1DC2DAF8005A903E /* Release */ = {
			isa = XCBuildConfiguration;
			baseConfigurationReference = D453EE1746104F00BB04BE44 /* Pods-clic pic review.release.xcconfig */;
			buildSettings = {
				ASSETCATALOG_COMPILER_APPICON_NAME = AppIcon;
				CODE_SIGN_ENTITLEMENTS = "clic pic review.entitlements";
				DEVELOPMENT_TEAM = 9ZZEJK9DFN;
				FRAMEWORK_SEARCH_PATHS = (
					"$(inherited)",
					"$(PROJECT_DIR)",
				);
				INFOPLIST_FILE = DarrenScottSalonApp/Info.plist;
				IPHONEOS_DEPLOYMENT_TARGET = 10.0;
				LD_RUNPATH_SEARCH_PATHS = "$(inherited) @executable_path/Frameworks";
				PRODUCT_BUNDLE_IDENTIFIER = com.maranta.darrenscott.DarrenScottSalonApp;
				PRODUCT_NAME = "$(TARGET_NAME)";
				TARGETED_DEVICE_FAMILY = 1;
			};
			name = Release;
		};
		025565FE1DC2DAF8005A903E /* Debug */ = {
			isa = XCBuildConfiguration;
			baseConfigurationReference = B16F2E3CC2C102E7586FEC9D /* Pods-clic pic reviewTests.debug.xcconfig */;
			buildSettings = {
				BUNDLE_LOADER = "$(TEST_HOST)";
				FRAMEWORK_SEARCH_PATHS = (
					"$(SDKROOT)/Developer/Library/Frameworks",
					"$(inherited)",
				);
				GCC_PREPROCESSOR_DEFINITIONS = (
					"DEBUG=1",
					"$(inherited)",
				);
				INFOPLIST_FILE = DarrenScottSalonAppTests/Info.plist;
				LD_RUNPATH_SEARCH_PATHS = "$(inherited) @executable_path/Frameworks @loader_path/Frameworks";
				PRODUCT_BUNDLE_IDENTIFIER = "com.maranta.darrenscott.$(PRODUCT_NAME:rfc1034identifier)";
				PRODUCT_NAME = "$(TARGET_NAME)";
				TEST_HOST = "$(BUILT_PRODUCTS_DIR)/clic pic review.app/clic pic review";
			};
			name = Debug;
		};
		025565FF1DC2DAF8005A903E /* Release */ = {
			isa = XCBuildConfiguration;
			baseConfigurationReference = B4B14ECFED660E9B2E0E4BD4 /* Pods-clic pic reviewTests.release.xcconfig */;
			buildSettings = {
				BUNDLE_LOADER = "$(TEST_HOST)";
				FRAMEWORK_SEARCH_PATHS = (
					"$(SDKROOT)/Developer/Library/Frameworks",
					"$(inherited)",
				);
				INFOPLIST_FILE = DarrenScottSalonAppTests/Info.plist;
				LD_RUNPATH_SEARCH_PATHS = "$(inherited) @executable_path/Frameworks @loader_path/Frameworks";
				PRODUCT_BUNDLE_IDENTIFIER = "com.maranta.darrenscott.$(PRODUCT_NAME:rfc1034identifier)";
				PRODUCT_NAME = "$(TARGET_NAME)";
				TEST_HOST = "$(BUILT_PRODUCTS_DIR)/clic pic review.app/clic pic review";
			};
			name = Release;
		};
/* End XCBuildConfiguration section */

/* Begin XCConfigurationList section */
		025565CF1DC2DAF8005A903E /* Build configuration list for PBXProject "clic pic review" */ = {
			isa = XCConfigurationList;
			buildConfigurations = (
				025565F81DC2DAF8005A903E /* Debug */,
				025565F91DC2DAF8005A903E /* Release */,
			);
			defaultConfigurationIsVisible = 0;
			defaultConfigurationName = Release;
		};
		025565FA1DC2DAF8005A903E /* Build configuration list for PBXNativeTarget "clic pic review" */ = {
			isa = XCConfigurationList;
			buildConfigurations = (
				025565FB1DC2DAF8005A903E /* Debug */,
				025565FC1DC2DAF8005A903E /* Release */,
			);
			defaultConfigurationIsVisible = 0;
			defaultConfigurationName = Release;
		};
		025565FD1DC2DAF8005A903E /* Build configuration list for PBXNativeTarget "clic pic reviewTests" */ = {
			isa = XCConfigurationList;
			buildConfigurations = (
				025565FE1DC2DAF8005A903E /* Debug */,
				025565FF1DC2DAF8005A903E /* Release */,
			);
			defaultConfigurationIsVisible = 0;
			defaultConfigurationName = Release;
		};
/* End XCConfigurationList section */

/* Begin XCVersionGroup section */
		025565DE1DC2DAF8005A903E /* DarrenScottSalonApp.xcdatamodeld */ = {
			isa = XCVersionGroup;
			children = (
				025565DF1DC2DAF8005A903E /* DarrenScottSalonApp.xcdatamodel */,
			);
			currentVersion = 025565DF1DC2DAF8005A903E /* DarrenScottSalonApp.xcdatamodel */;
			path = DarrenScottSalonApp.xcdatamodeld;
			sourceTree = "<group>";
			versionGroupType = wrapper.xcdatamodel;
		};
/* End XCVersionGroup section */
	};
	rootObject = 025565CC1DC2DAF8005A903E /* Project object */;
}
