// !$*UTF8*$!
{
	archiveVersion = 1;
	classes = {
	};
	objectVersion = 46;
	objects = {

/* Begin PBXBuildFile section */
		025565DA1DC2DAF8005A903E /* main.m in Sources */ = {isa = PBXBuildFile; fileRef = 025565D91DC2DAF8005A903E /* main.m */; };
		025565DD1DC2DAF8005A903E /* AppDelegate.m in Sources */ = {isa = PBXBuildFile; fileRef = 025565DC1DC2DAF8005A903E /* AppDelegate.m */; };
		025565E01DC2DAF8005A903E /* DarrenScottSalonApp.xcdatamodeld in Sources */ = {isa = PBXBuildFile; fileRef = 025565DE1DC2DAF8005A903E /* DarrenScottSalonApp.xcdatamodeld */; };
		025565E31DC2DAF8005A903E /* ViewController.m in Sources */ = {isa = PBXBuildFile; fileRef = 025565E21DC2DAF8005A903E /* ViewController.m */; };
		025565E81DC2DAF8005A903E /* Images.xcassets in Resources */ = {isa = PBXBuildFile; fileRef = 025565E71DC2DAF8005A903E /* Images.xcassets */; };
		025565EB1DC2DAF8005A903E /* LaunchScreen.xib in Resources */ = {isa = PBXBuildFile; fileRef = 025565E91DC2DAF8005A903E /* LaunchScreen.xib */; };
		025565F71DC2DAF8005A903E /* DarrenScottSalonAppTests.m in Sources */ = {isa = PBXBuildFile; fileRef = 025565F61DC2DAF8005A903E /* DarrenScottSalonAppTests.m */; };
		02C18A721DC2F307008745BE /* ASStarRatingView.m in Sources */ = {isa = PBXBuildFile; fileRef = 02C18A711DC2F307008745BE /* ASStarRatingView.m */; };
		45025D121E381F0C001FEAB6 /* Security.framework in Frameworks */ = {isa = PBXBuildFile; fileRef = 45025D111E381F0C001FEAB6 /* Security.framework */; };
		45025D411E384D2C001FEAB6 /* Animations in Resources */ = {isa = PBXBuildFile; fileRef = 45025D401E384D2C001FEAB6 /* Animations */; };
		45025D451E384D4C001FEAB6 /* Assets in Resources */ = {isa = PBXBuildFile; fileRef = 45025D441E384D4C001FEAB6 /* Assets */; };
		45025D481E384D57001FEAB6 /* SlideNavigationController.m in Sources */ = {isa = PBXBuildFile; fileRef = 45025D471E384D57001FEAB6 /* SlideNavigationController.m */; };
		45025D4D1E384DC6001FEAB6 /* LeftMenuViewController.m in Sources */ = {isa = PBXBuildFile; fileRef = 45025D4A1E384DC6001FEAB6 /* LeftMenuViewController.m */; };
		45025D4E1E384DC6001FEAB6 /* RightMenuViewController.m in Sources */ = {isa = PBXBuildFile; fileRef = 45025D4C1E384DC6001FEAB6 /* RightMenuViewController.m */; };
		45025D6A1E384EB9001FEAB6 /* SlideNavigationContorllerAnimatorFade.m in Sources */ = {isa = PBXBuildFile; fileRef = 45025D611E384EB9001FEAB6 /* SlideNavigationContorllerAnimatorFade.m */; };
		45025D6B1E384EB9001FEAB6 /* SlideNavigationContorllerAnimatorScale.m in Sources */ = {isa = PBXBuildFile; fileRef = 45025D631E384EB9001FEAB6 /* SlideNavigationContorllerAnimatorScale.m */; };
		45025D6C1E384EB9001FEAB6 /* SlideNavigationContorllerAnimatorScaleAndFade.m in Sources */ = {isa = PBXBuildFile; fileRef = 45025D651E384EB9001FEAB6 /* SlideNavigationContorllerAnimatorScaleAndFade.m */; };
		45025D6D1E384EB9001FEAB6 /* SlideNavigationContorllerAnimatorSlide.m in Sources */ = {isa = PBXBuildFile; fileRef = 45025D671E384EB9001FEAB6 /* SlideNavigationContorllerAnimatorSlide.m */; };
		45025D6E1E384EB9001FEAB6 /* SlideNavigationContorllerAnimatorSlideAndFade.m in Sources */ = {isa = PBXBuildFile; fileRef = 45025D691E384EB9001FEAB6 /* SlideNavigationContorllerAnimatorSlideAndFade.m */; };
		45025D711E3851E4001FEAB6 /* Main.storyboard in Resources */ = {isa = PBXBuildFile; fileRef = 45025D6F1E3851E4001FEAB6 /* Main.storyboard */; };
		45025D741E385A38001FEAB6 /* menu-button.png in Resources */ = {isa = PBXBuildFile; fileRef = 45025D721E385A38001FEAB6 /* menu-button.png */; };
		45025D751E385A38001FEAB6 /* menu-button@2x.png in Resources */ = {isa = PBXBuildFile; fileRef = 45025D731E385A38001FEAB6 /* menu-button@2x.png */; };
		45025D781E385BF3001FEAB6 /* ProfileViewController.m in Sources */ = {isa = PBXBuildFile; fileRef = 45025D771E385BF3001FEAB6 /* ProfileViewController.m */; };
		450703E31E36D306003B7793 /* LoginViewController.m in Sources */ = {isa = PBXBuildFile; fileRef = 450703E21E36D306003B7793 /* LoginViewController.m */; };
		450703E71E36D408003B7793 /* Bolts.framework in Frameworks */ = {isa = PBXBuildFile; fileRef = 450703E41E36D408003B7793 /* Bolts.framework */; };
		450703E81E36D408003B7793 /* FBSDKCoreKit.framework in Frameworks */ = {isa = PBXBuildFile; fileRef = 450703E51E36D408003B7793 /* FBSDKCoreKit.framework */; };
		450703E91E36D408003B7793 /* FBSDKShareKit.framework in Frameworks */ = {isa = PBXBuildFile; fileRef = 450703E61E36D408003B7793 /* FBSDKShareKit.framework */; };
		450703EB1E36D5FD003B7793 /* FBSDKLoginKit.framework in Frameworks */ = {isa = PBXBuildFile; fileRef = 450703EA1E36D5FD003B7793 /* FBSDKLoginKit.framework */; };
		450927DE1DF4D0730052EB54 /* NavigationViewController.m in Sources */ = {isa = PBXBuildFile; fileRef = 450927DD1DF4D0730052EB54 /* NavigationViewController.m */; };
		45B2F7411DE27C3100AAB600 /* TermsAndConditionsViewController.m in Sources */ = {isa = PBXBuildFile; fileRef = 45B2F7401DE27C3100AAB600 /* TermsAndConditionsViewController.m */; };
		45C6B7FF1DD2960A0067654B /* GoogleService-Info.plist in Resources */ = {isa = PBXBuildFile; fileRef = 45C6B7FE1DD2960A0067654B /* GoogleService-Info.plist */; };
		45C6B8011DD2A3F90067654B /* Social.framework in Frameworks */ = {isa = PBXBuildFile; fileRef = 45C6B8001DD2A3F90067654B /* Social.framework */; };
		5CCAB07E22968F3514F80D2C /* libPods-DarrenScottSalonAppTests.a in Frameworks */ = {isa = PBXBuildFile; fileRef = 0DB04EBBF36AB7A0C112AAE5 /* libPods-DarrenScottSalonAppTests.a */; };
		6B537880658ECAE480A094B0 /* libPods-DarrenScottSalonApp.a in Frameworks */ = {isa = PBXBuildFile; fileRef = 86355BF8E0C5E1D4C83BE495 /* libPods-DarrenScottSalonApp.a */; };
/* End PBXBuildFile section */

/* Begin PBXContainerItemProxy section */
		025565F11DC2DAF8005A903E /* PBXContainerItemProxy */ = {
			isa = PBXContainerItemProxy;
			containerPortal = 025565CC1DC2DAF8005A903E /* Project object */;
			proxyType = 1;
			remoteGlobalIDString = 025565D31DC2DAF8005A903E;
			remoteInfo = DarrenScottSalonApp;
		};
/* End PBXContainerItemProxy section */

/* Begin PBXFileReference section */
		025565D41DC2DAF8005A903E /* DarrenScottSalonApp.app */ = {isa = PBXFileReference; explicitFileType = wrapper.application; includeInIndex = 0; path = DarrenScottSalonApp.app; sourceTree = BUILT_PRODUCTS_DIR; };
		025565D81DC2DAF8005A903E /* Info.plist */ = {isa = PBXFileReference; lastKnownFileType = text.plist.xml; path = Info.plist; sourceTree = "<group>"; };
		025565D91DC2DAF8005A903E /* main.m */ = {isa = PBXFileReference; lastKnownFileType = sourcecode.c.objc; path = main.m; sourceTree = "<group>"; };
		025565DB1DC2DAF8005A903E /* AppDelegate.h */ = {isa = PBXFileReference; lastKnownFileType = sourcecode.c.h; path = AppDelegate.h; sourceTree = "<group>"; };
		025565DC1DC2DAF8005A903E /* AppDelegate.m */ = {isa = PBXFileReference; lastKnownFileType = sourcecode.c.objc; path = AppDelegate.m; sourceTree = "<group>"; };
		025565DF1DC2DAF8005A903E /* DarrenScottSalonApp.xcdatamodel */ = {isa = PBXFileReference; lastKnownFileType = wrapper.xcdatamodel; path = DarrenScottSalonApp.xcdatamodel; sourceTree = "<group>"; };
		025565E11DC2DAF8005A903E /* ViewController.h */ = {isa = PBXFileReference; lastKnownFileType = sourcecode.c.h; path = ViewController.h; sourceTree = "<group>"; };
		025565E21DC2DAF8005A903E /* ViewController.m */ = {isa = PBXFileReference; lastKnownFileType = sourcecode.c.objc; path = ViewController.m; sourceTree = "<group>"; };
		025565E71DC2DAF8005A903E /* Images.xcassets */ = {isa = PBXFileReference; lastKnownFileType = folder.assetcatalog; path = Images.xcassets; sourceTree = "<group>"; };
		025565EA1DC2DAF8005A903E /* Base */ = {isa = PBXFileReference; lastKnownFileType = file.xib; name = Base; path = Base.lproj/LaunchScreen.xib; sourceTree = "<group>"; };
		025565F01DC2DAF8005A903E /* DarrenScottSalonAppTests.xctest */ = {isa = PBXFileReference; explicitFileType = wrapper.cfbundle; includeInIndex = 0; path = DarrenScottSalonAppTests.xctest; sourceTree = BUILT_PRODUCTS_DIR; };
		025565F51DC2DAF8005A903E /* Info.plist */ = {isa = PBXFileReference; lastKnownFileType = text.plist.xml; path = Info.plist; sourceTree = "<group>"; };
		025565F61DC2DAF8005A903E /* DarrenScottSalonAppTests.m */ = {isa = PBXFileReference; lastKnownFileType = sourcecode.c.objc; path = DarrenScottSalonAppTests.m; sourceTree = "<group>"; };
		02C18A701DC2F307008745BE /* ASStarRatingView.h */ = {isa = PBXFileReference; fileEncoding = 4; lastKnownFileType = sourcecode.c.h; path = ASStarRatingView.h; sourceTree = "<group>"; };
		02C18A711DC2F307008745BE /* ASStarRatingView.m */ = {isa = PBXFileReference; fileEncoding = 4; lastKnownFileType = sourcecode.c.objc; path = ASStarRatingView.m; sourceTree = "<group>"; };
		0DB04EBBF36AB7A0C112AAE5 /* libPods-DarrenScottSalonAppTests.a */ = {isa = PBXFileReference; explicitFileType = archive.ar; includeInIndex = 0; path = "libPods-DarrenScottSalonAppTests.a"; sourceTree = BUILT_PRODUCTS_DIR; };
		128D1374D90FECCC4482D81A /* Pods-DarrenScottSalonApp.release.xcconfig */ = {isa = PBXFileReference; includeInIndex = 1; lastKnownFileType = text.xcconfig; name = "Pods-DarrenScottSalonApp.release.xcconfig"; path = "Pods/Target Support Files/Pods-DarrenScottSalonApp/Pods-DarrenScottSalonApp.release.xcconfig"; sourceTree = "<group>"; };
		45025D111E381F0C001FEAB6 /* Security.framework */ = {isa = PBXFileReference; lastKnownFileType = wrapper.framework; name = Security.framework; path = System/Library/Frameworks/Security.framework; sourceTree = SDKROOT; };
		45025D401E384D2C001FEAB6 /* Animations */ = {isa = PBXFileReference; lastKnownFileType = folder; path = Animations; sourceTree = "<group>"; };
		45025D441E384D4C001FEAB6 /* Assets */ = {isa = PBXFileReference; lastKnownFileType = folder; path = Assets; sourceTree = "<group>"; };
		45025D461E384D57001FEAB6 /* SlideNavigationController.h */ = {isa = PBXFileReference; fileEncoding = 4; lastKnownFileType = sourcecode.c.h; path = SlideNavigationController.h; sourceTree = "<group>"; };
		45025D471E384D57001FEAB6 /* SlideNavigationController.m */ = {isa = PBXFileReference; fileEncoding = 4; lastKnownFileType = sourcecode.c.objc; path = SlideNavigationController.m; sourceTree = "<group>"; };
		45025D491E384DC6001FEAB6 /* LeftMenuViewController.h */ = {isa = PBXFileReference; fileEncoding = 4; lastKnownFileType = sourcecode.c.h; path = LeftMenuViewController.h; sourceTree = "<group>"; };
		45025D4A1E384DC6001FEAB6 /* LeftMenuViewController.m */ = {isa = PBXFileReference; fileEncoding = 4; lastKnownFileType = sourcecode.c.objc; path = LeftMenuViewController.m; sourceTree = "<group>"; };
		45025D4B1E384DC6001FEAB6 /* RightMenuViewController.h */ = {isa = PBXFileReference; fileEncoding = 4; lastKnownFileType = sourcecode.c.h; path = RightMenuViewController.h; sourceTree = "<group>"; };
		45025D4C1E384DC6001FEAB6 /* RightMenuViewController.m */ = {isa = PBXFileReference; fileEncoding = 4; lastKnownFileType = sourcecode.c.objc; path = RightMenuViewController.m; sourceTree = "<group>"; };
		45025D5F1E384EB9001FEAB6 /* SlideNavigationContorllerAnimator.h */ = {isa = PBXFileReference; fileEncoding = 4; lastKnownFileType = sourcecode.c.h; path = SlideNavigationContorllerAnimator.h; sourceTree = "<group>"; };
		45025D601E384EB9001FEAB6 /* SlideNavigationContorllerAnimatorFade.h */ = {isa = PBXFileReference; fileEncoding = 4; lastKnownFileType = sourcecode.c.h; path = SlideNavigationContorllerAnimatorFade.h; sourceTree = "<group>"; };
		45025D611E384EB9001FEAB6 /* SlideNavigationContorllerAnimatorFade.m */ = {isa = PBXFileReference; fileEncoding = 4; lastKnownFileType = sourcecode.c.objc; path = SlideNavigationContorllerAnimatorFade.m; sourceTree = "<group>"; };
		45025D621E384EB9001FEAB6 /* SlideNavigationContorllerAnimatorScale.h */ = {isa = PBXFileReference; fileEncoding = 4; lastKnownFileType = sourcecode.c.h; path = SlideNavigationContorllerAnimatorScale.h; sourceTree = "<group>"; };
		45025D631E384EB9001FEAB6 /* SlideNavigationContorllerAnimatorScale.m */ = {isa = PBXFileReference; fileEncoding = 4; lastKnownFileType = sourcecode.c.objc; path = SlideNavigationContorllerAnimatorScale.m; sourceTree = "<group>"; };
		45025D641E384EB9001FEAB6 /* SlideNavigationContorllerAnimatorScaleAndFade.h */ = {isa = PBXFileReference; fileEncoding = 4; lastKnownFileType = sourcecode.c.h; path = SlideNavigationContorllerAnimatorScaleAndFade.h; sourceTree = "<group>"; };
		45025D651E384EB9001FEAB6 /* SlideNavigationContorllerAnimatorScaleAndFade.m */ = {isa = PBXFileReference; fileEncoding = 4; lastKnownFileType = sourcecode.c.objc; path = SlideNavigationContorllerAnimatorScaleAndFade.m; sourceTree = "<group>"; };
		45025D661E384EB9001FEAB6 /* SlideNavigationContorllerAnimatorSlide.h */ = {isa = PBXFileReference; fileEncoding = 4; lastKnownFileType = sourcecode.c.h; path = SlideNavigationContorllerAnimatorSlide.h; sourceTree = "<group>"; };
		45025D671E384EB9001FEAB6 /* SlideNavigationContorllerAnimatorSlide.m */ = {isa = PBXFileReference; fileEncoding = 4; lastKnownFileType = sourcecode.c.objc; path = SlideNavigationContorllerAnimatorSlide.m; sourceTree = "<group>"; };
		45025D681E384EB9001FEAB6 /* SlideNavigationContorllerAnimatorSlideAndFade.h */ = {isa = PBXFileReference; fileEncoding = 4; lastKnownFileType = sourcecode.c.h; path = SlideNavigationContorllerAnimatorSlideAndFade.h; sourceTree = "<group>"; };
		45025D691E384EB9001FEAB6 /* SlideNavigationContorllerAnimatorSlideAndFade.m */ = {isa = PBXFileReference; fileEncoding = 4; lastKnownFileType = sourcecode.c.objc; path = SlideNavigationContorllerAnimatorSlideAndFade.m; sourceTree = "<group>"; };
		45025D701E3851E4001FEAB6 /* Base */ = {isa = PBXFileReference; lastKnownFileType = file.storyboard; name = Base; path = Base.lproj/Main.storyboard; sourceTree = "<group>"; };
		45025D721E385A38001FEAB6 /* menu-button.png */ = {isa = PBXFileReference; lastKnownFileType = image.png; name = "menu-button.png"; path = "Assets/menu-button.png"; sourceTree = "<group>"; };
		45025D731E385A38001FEAB6 /* menu-button@2x.png */ = {isa = PBXFileReference; lastKnownFileType = image.png; name = "menu-button@2x.png"; path = "Assets/menu-button@2x.png"; sourceTree = "<group>"; };
		45025D761E385BF3001FEAB6 /* ProfileViewController.h */ = {isa = PBXFileReference; fileEncoding = 4; lastKnownFileType = sourcecode.c.h; path = ProfileViewController.h; sourceTree = "<group>"; };
		45025D771E385BF3001FEAB6 /* ProfileViewController.m */ = {isa = PBXFileReference; fileEncoding = 4; lastKnownFileType = sourcecode.c.objc; path = ProfileViewController.m; sourceTree = "<group>"; };
		450703E11E36D306003B7793 /* LoginViewController.h */ = {isa = PBXFileReference; fileEncoding = 4; lastKnownFileType = sourcecode.c.h; path = LoginViewController.h; sourceTree = "<group>"; };
		450703E21E36D306003B7793 /* LoginViewController.m */ = {isa = PBXFileReference; fileEncoding = 4; lastKnownFileType = sourcecode.c.objc; path = LoginViewController.m; sourceTree = "<group>"; };
		450703E41E36D408003B7793 /* Bolts.framework */ = {isa = PBXFileReference; lastKnownFileType = wrapper.framework; path = Bolts.framework; sourceTree = "<group>"; };
		450703E51E36D408003B7793 /* FBSDKCoreKit.framework */ = {isa = PBXFileReference; lastKnownFileType = wrapper.framework; path = FBSDKCoreKit.framework; sourceTree = "<group>"; };
		450703E61E36D408003B7793 /* FBSDKShareKit.framework */ = {isa = PBXFileReference; lastKnownFileType = wrapper.framework; path = FBSDKShareKit.framework; sourceTree = "<group>"; };
		450703EA1E36D5FD003B7793 /* FBSDKLoginKit.framework */ = {isa = PBXFileReference; lastKnownFileType = wrapper.framework; path = FBSDKLoginKit.framework; sourceTree = "<group>"; };
		450927DC1DF4D0730052EB54 /* NavigationViewController.h */ = {isa = PBXFileReference; fileEncoding = 4; lastKnownFileType = sourcecode.c.h; path = NavigationViewController.h; sourceTree = "<group>"; };
		450927DD1DF4D0730052EB54 /* NavigationViewController.m */ = {isa = PBXFileReference; fileEncoding = 4; lastKnownFileType = sourcecode.c.objc; path = NavigationViewController.m; sourceTree = "<group>"; };
		45B2F73F1DE27C3100AAB600 /* TermsAndConditionsViewController.h */ = {isa = PBXFileReference; fileEncoding = 4; lastKnownFileType = sourcecode.c.h; path = TermsAndConditionsViewController.h; sourceTree = "<group>"; };
		45B2F7401DE27C3100AAB600 /* TermsAndConditionsViewController.m */ = {isa = PBXFileReference; fileEncoding = 4; lastKnownFileType = sourcecode.c.objc; path = TermsAndConditionsViewController.m; sourceTree = "<group>"; };
		45C6B7FE1DD2960A0067654B /* GoogleService-Info.plist */ = {isa = PBXFileReference; fileEncoding = 4; lastKnownFileType = text.plist.xml; path = "GoogleService-Info.plist"; sourceTree = "<group>"; };
		45C6B8001DD2A3F90067654B /* Social.framework */ = {isa = PBXFileReference; lastKnownFileType = wrapper.framework; name = Social.framework; path = System/Library/Frameworks/Social.framework; sourceTree = SDKROOT; };
		86355BF8E0C5E1D4C83BE495 /* libPods-DarrenScottSalonApp.a */ = {isa = PBXFileReference; explicitFileType = archive.ar; includeInIndex = 0; path = "libPods-DarrenScottSalonApp.a"; sourceTree = BUILT_PRODUCTS_DIR; };
		8FF0AA875CA448B782DCE7F1 /* Pods-DarrenScottSalonAppTests.release.xcconfig */ = {isa = PBXFileReference; includeInIndex = 1; lastKnownFileType = text.xcconfig; name = "Pods-DarrenScottSalonAppTests.release.xcconfig"; path = "Pods/Target Support Files/Pods-DarrenScottSalonAppTests/Pods-DarrenScottSalonAppTests.release.xcconfig"; sourceTree = "<group>"; };
		AA6CC166E488F03C2A1B9DF0 /* Pods-DarrenScottSalonAppTests.debug.xcconfig */ = {isa = PBXFileReference; includeInIndex = 1; lastKnownFileType = text.xcconfig; name = "Pods-DarrenScottSalonAppTests.debug.xcconfig"; path = "Pods/Target Support Files/Pods-DarrenScottSalonAppTests/Pods-DarrenScottSalonAppTests.debug.xcconfig"; sourceTree = "<group>"; };
		D8FF83F48A7CCDE892E7750A /* Pods-DarrenScottSalonApp.debug.xcconfig */ = {isa = PBXFileReference; includeInIndex = 1; lastKnownFileType = text.xcconfig; name = "Pods-DarrenScottSalonApp.debug.xcconfig"; path = "Pods/Target Support Files/Pods-DarrenScottSalonApp/Pods-DarrenScottSalonApp.debug.xcconfig"; sourceTree = "<group>"; };
/* End PBXFileReference section */

/* Begin PBXFrameworksBuildPhase section */
		025565D11DC2DAF8005A903E /* Frameworks */ = {
			isa = PBXFrameworksBuildPhase;
			buildActionMask = 2147483647;
			files = (
				45025D121E381F0C001FEAB6 /* Security.framework in Frameworks */,
				450703E71E36D408003B7793 /* Bolts.framework in Frameworks */,
				450703E81E36D408003B7793 /* FBSDKCoreKit.framework in Frameworks */,
				450703EB1E36D5FD003B7793 /* FBSDKLoginKit.framework in Frameworks */,
				450703E91E36D408003B7793 /* FBSDKShareKit.framework in Frameworks */,
				45C6B8011DD2A3F90067654B /* Social.framework in Frameworks */,
				6B537880658ECAE480A094B0 /* libPods-DarrenScottSalonApp.a in Frameworks */,
			);
			runOnlyForDeploymentPostprocessing = 0;
		};
		025565ED1DC2DAF8005A903E /* Frameworks */ = {
			isa = PBXFrameworksBuildPhase;
			buildActionMask = 2147483647;
			files = (
				5CCAB07E22968F3514F80D2C /* libPods-DarrenScottSalonAppTests.a in Frameworks */,
			);
			runOnlyForDeploymentPostprocessing = 0;
		};
/* End PBXFrameworksBuildPhase section */

/* Begin PBXGroup section */
		025565CB1DC2DAF8005A903E = {
			isa = PBXGroup;
			children = (
				025565D61DC2DAF8005A903E /* DarrenScottSalonApp */,
				025565F31DC2DAF8005A903E /* DarrenScottSalonAppTests */,
				025565D51DC2DAF8005A903E /* Products */,
				2112892D381349A5AE1C1774 /* Pods */,
				14349295A1A86115EE6C9DAD /* Frameworks */,
			);
			sourceTree = "<group>";
		};
		025565D51DC2DAF8005A903E /* Products */ = {
			isa = PBXGroup;
			children = (
				025565D41DC2DAF8005A903E /* DarrenScottSalonApp.app */,
				025565F01DC2DAF8005A903E /* DarrenScottSalonAppTests.xctest */,
			);
			name = Products;
			sourceTree = "<group>";
		};
		025565D61DC2DAF8005A903E /* DarrenScottSalonApp */ = {
			isa = PBXGroup;
			children = (
				45025D721E385A38001FEAB6 /* menu-button.png */,
				45025D731E385A38001FEAB6 /* menu-button@2x.png */,
				45025D5F1E384EB9001FEAB6 /* SlideNavigationContorllerAnimator.h */,
				45025D601E384EB9001FEAB6 /* SlideNavigationContorllerAnimatorFade.h */,
				45025D611E384EB9001FEAB6 /* SlideNavigationContorllerAnimatorFade.m */,
				45025D621E384EB9001FEAB6 /* SlideNavigationContorllerAnimatorScale.h */,
				45025D631E384EB9001FEAB6 /* SlideNavigationContorllerAnimatorScale.m */,
				45025D641E384EB9001FEAB6 /* SlideNavigationContorllerAnimatorScaleAndFade.h */,
				45025D651E384EB9001FEAB6 /* SlideNavigationContorllerAnimatorScaleAndFade.m */,
				45025D661E384EB9001FEAB6 /* SlideNavigationContorllerAnimatorSlide.h */,
				45025D671E384EB9001FEAB6 /* SlideNavigationContorllerAnimatorSlide.m */,
				45025D681E384EB9001FEAB6 /* SlideNavigationContorllerAnimatorSlideAndFade.h */,
				45025D691E384EB9001FEAB6 /* SlideNavigationContorllerAnimatorSlideAndFade.m */,
				45025D461E384D57001FEAB6 /* SlideNavigationController.h */,
				45025D471E384D57001FEAB6 /* SlideNavigationController.m */,
				45025D441E384D4C001FEAB6 /* Assets */,
				45025D401E384D2C001FEAB6 /* Animations */,
				02C18A6F1DC2F2E6008745BE /* ASStarRatingView */,
				025565DB1DC2DAF8005A903E /* AppDelegate.h */,
				025565DC1DC2DAF8005A903E /* AppDelegate.m */,
				45025D491E384DC6001FEAB6 /* LeftMenuViewController.h */,
				45025D4A1E384DC6001FEAB6 /* LeftMenuViewController.m */,
				45025D4B1E384DC6001FEAB6 /* RightMenuViewController.h */,
				45025D4C1E384DC6001FEAB6 /* RightMenuViewController.m */,
				45B2F73F1DE27C3100AAB600 /* TermsAndConditionsViewController.h */,
				45B2F7401DE27C3100AAB600 /* TermsAndConditionsViewController.m */,
				025565E11DC2DAF8005A903E /* ViewController.h */,
				025565E21DC2DAF8005A903E /* ViewController.m */,
				45C6B7FE1DD2960A0067654B /* GoogleService-Info.plist */,
				025565E71DC2DAF8005A903E /* Images.xcassets */,
				45025D6F1E3851E4001FEAB6 /* Main.storyboard */,
				025565E91DC2DAF8005A903E /* LaunchScreen.xib */,
				025565DE1DC2DAF8005A903E /* DarrenScottSalonApp.xcdatamodeld */,
				025565D71DC2DAF8005A903E /* Supporting Files */,
				450927DC1DF4D0730052EB54 /* NavigationViewController.h */,
				450927DD1DF4D0730052EB54 /* NavigationViewController.m */,
				450703E11E36D306003B7793 /* LoginViewController.h */,
				450703E21E36D306003B7793 /* LoginViewController.m */,
				45025D761E385BF3001FEAB6 /* ProfileViewController.h */,
				45025D771E385BF3001FEAB6 /* ProfileViewController.m */,
			);
			path = DarrenScottSalonApp;
			sourceTree = "<group>";
		};
		025565D71DC2DAF8005A903E /* Supporting Files */ = {
			isa = PBXGroup;
			children = (
				025565D81DC2DAF8005A903E /* Info.plist */,
				025565D91DC2DAF8005A903E /* main.m */,
			);
			name = "Supporting Files";
			sourceTree = "<group>";
		};
		025565F31DC2DAF8005A903E /* DarrenScottSalonAppTests */ = {
			isa = PBXGroup;
			children = (
				025565F61DC2DAF8005A903E /* DarrenScottSalonAppTests.m */,
				025565F41DC2DAF8005A903E /* Supporting Files */,
			);
			path = DarrenScottSalonAppTests;
			sourceTree = "<group>";
		};
		025565F41DC2DAF8005A903E /* Supporting Files */ = {
			isa = PBXGroup;
			children = (
				025565F51DC2DAF8005A903E /* Info.plist */,
			);
			name = "Supporting Files";
			sourceTree = "<group>";
		};
		02C18A6F1DC2F2E6008745BE /* ASStarRatingView */ = {
			isa = PBXGroup;
			children = (
				02C18A701DC2F307008745BE /* ASStarRatingView.h */,
				02C18A711DC2F307008745BE /* ASStarRatingView.m */,
			);
			name = ASStarRatingView;
			sourceTree = "<group>";
		};
		14349295A1A86115EE6C9DAD /* Frameworks */ = {
			isa = PBXGroup;
			children = (
				45025D111E381F0C001FEAB6 /* Security.framework */,
				450703EA1E36D5FD003B7793 /* FBSDKLoginKit.framework */,
				450703E41E36D408003B7793 /* Bolts.framework */,
				450703E51E36D408003B7793 /* FBSDKCoreKit.framework */,
				450703E61E36D408003B7793 /* FBSDKShareKit.framework */,
				45C6B8001DD2A3F90067654B /* Social.framework */,
				86355BF8E0C5E1D4C83BE495 /* libPods-DarrenScottSalonApp.a */,
				0DB04EBBF36AB7A0C112AAE5 /* libPods-DarrenScottSalonAppTests.a */,
			);
			name = Frameworks;
			sourceTree = "<group>";
		};
		2112892D381349A5AE1C1774 /* Pods */ = {
			isa = PBXGroup;
			children = (
				D8FF83F48A7CCDE892E7750A /* Pods-DarrenScottSalonApp.debug.xcconfig */,
				128D1374D90FECCC4482D81A /* Pods-DarrenScottSalonApp.release.xcconfig */,
				AA6CC166E488F03C2A1B9DF0 /* Pods-DarrenScottSalonAppTests.debug.xcconfig */,
				8FF0AA875CA448B782DCE7F1 /* Pods-DarrenScottSalonAppTests.release.xcconfig */,
			);
			name = Pods;
			sourceTree = "<group>";
		};
/* End PBXGroup section */

/* Begin PBXNativeTarget section */
		025565D31DC2DAF8005A903E /* DarrenScottSalonApp */ = {
			isa = PBXNativeTarget;
			buildConfigurationList = 025565FA1DC2DAF8005A903E /* Build configuration list for PBXNativeTarget "DarrenScottSalonApp" */;
			buildPhases = (
				5D3814B4AB644891951395D1 /* [CP] Check Pods Manifest.lock */,
				025565D01DC2DAF8005A903E /* Sources */,
				025565D11DC2DAF8005A903E /* Frameworks */,
				025565D21DC2DAF8005A903E /* Resources */,
				8A0FA957454656AD7311B0EF /* [CP] Embed Pods Frameworks */,
				AFBCF4ECCAE9F7E287C130CA /* [CP] Copy Pods Resources */,
			);
			buildRules = (
			);
			dependencies = (
			);
			name = DarrenScottSalonApp;
			productName = DarrenScottSalonApp;
			productReference = 025565D41DC2DAF8005A903E /* DarrenScottSalonApp.app */;
			productType = "com.apple.product-type.application";
		};
		025565EF1DC2DAF8005A903E /* DarrenScottSalonAppTests */ = {
			isa = PBXNativeTarget;
			buildConfigurationList = 025565FD1DC2DAF8005A903E /* Build configuration list for PBXNativeTarget "DarrenScottSalonAppTests" */;
			buildPhases = (
				4A8C15DB4D6CB3052F098062 /* [CP] Check Pods Manifest.lock */,
				025565EC1DC2DAF8005A903E /* Sources */,
				025565ED1DC2DAF8005A903E /* Frameworks */,
				025565EE1DC2DAF8005A903E /* Resources */,
				7105B4F4EC135AD23AD4D3F5 /* [CP] Embed Pods Frameworks */,
				287A14FF4A09CDAC40370661 /* [CP] Copy Pods Resources */,
			);
			buildRules = (
			);
			dependencies = (
				025565F21DC2DAF8005A903E /* PBXTargetDependency */,
			);
			name = DarrenScottSalonAppTests;
			productName = DarrenScottSalonAppTests;
			productReference = 025565F01DC2DAF8005A903E /* DarrenScottSalonAppTests.xctest */;
			productType = "com.apple.product-type.bundle.unit-test";
		};
/* End PBXNativeTarget section */

/* Begin PBXProject section */
		025565CC1DC2DAF8005A903E /* Project object */ = {
			isa = PBXProject;
			attributes = {
				LastUpgradeCheck = 0810;
				ORGANIZATIONNAME = maranta;
				TargetAttributes = {
					025565D31DC2DAF8005A903E = {
						CreatedOnToolsVersion = 6.4;
						DevelopmentTeam = 9ZZEJK9DFN;
					};
					025565EF1DC2DAF8005A903E = {
						CreatedOnToolsVersion = 6.4;
						TestTargetID = 025565D31DC2DAF8005A903E;
					};
				};
			};
			buildConfigurationList = 025565CF1DC2DAF8005A903E /* Build configuration list for PBXProject "DarrenScottSalonApp" */;
			compatibilityVersion = "Xcode 3.2";
			developmentRegion = English;
			hasScannedForEncodings = 0;
			knownRegions = (
				en,
				Base,
			);
			mainGroup = 025565CB1DC2DAF8005A903E;
			productRefGroup = 025565D51DC2DAF8005A903E /* Products */;
			projectDirPath = "";
			projectRoot = "";
			targets = (
				025565D31DC2DAF8005A903E /* DarrenScottSalonApp */,
				025565EF1DC2DAF8005A903E /* DarrenScottSalonAppTests */,
			);
		};
/* End PBXProject section */

/* Begin PBXResourcesBuildPhase section */
		025565D21DC2DAF8005A903E /* Resources */ = {
			isa = PBXResourcesBuildPhase;
			buildActionMask = 2147483647;
			files = (
				45025D411E384D2C001FEAB6 /* Animations in Resources */,
				45025D451E384D4C001FEAB6 /* Assets in Resources */,
				45C6B7FF1DD2960A0067654B /* GoogleService-Info.plist in Resources */,
				45025D711E3851E4001FEAB6 /* Main.storyboard in Resources */,
				025565EB1DC2DAF8005A903E /* LaunchScreen.xib in Resources */,
				45025D751E385A38001FEAB6 /* menu-button@2x.png in Resources */,
				45025D741E385A38001FEAB6 /* menu-button.png in Resources */,
				025565E81DC2DAF8005A903E /* Images.xcassets in Resources */,
			);
			runOnlyForDeploymentPostprocessing = 0;
		};
		025565EE1DC2DAF8005A903E /* Resources */ = {
			isa = PBXResourcesBuildPhase;
			buildActionMask = 2147483647;
			files = (
			);
			runOnlyForDeploymentPostprocessing = 0;
		};
/* End PBXResourcesBuildPhase section */

/* Begin PBXShellScriptBuildPhase section */
		287A14FF4A09CDAC40370661 /* [CP] Copy Pods Resources */ = {
			isa = PBXShellScriptBuildPhase;
			buildActionMask = 2147483647;
			files = (
			);
			inputPaths = (
			);
			name = "[CP] Copy Pods Resources";
			outputPaths = (
			);
			runOnlyForDeploymentPostprocessing = 0;
			shellPath = /bin/sh;
			shellScript = "\"${SRCROOT}/Pods/Target Support Files/Pods-DarrenScottSalonAppTests/Pods-DarrenScottSalonAppTests-resources.sh\"\n";
			showEnvVarsInLog = 0;
		};
		4A8C15DB4D6CB3052F098062 /* [CP] Check Pods Manifest.lock */ = {
			isa = PBXShellScriptBuildPhase;
			buildActionMask = 2147483647;
			files = (
			);
			inputPaths = (
			);
			name = "[CP] Check Pods Manifest.lock";
			outputPaths = (
			);
			runOnlyForDeploymentPostprocessing = 0;
			shellPath = /bin/sh;
			shellScript = "diff \"${PODS_ROOT}/../Podfile.lock\" \"${PODS_ROOT}/Manifest.lock\" > /dev/null\nif [[ $? != 0 ]] ; then\n    cat << EOM\nerror: The sandbox is not in sync with the Podfile.lock. Run 'pod install' or update your CocoaPods installation.\nEOM\n    exit 1\nfi\n";
			showEnvVarsInLog = 0;
		};
		5D3814B4AB644891951395D1 /* [CP] Check Pods Manifest.lock */ = {
			isa = PBXShellScriptBuildPhase;
			buildActionMask = 2147483647;
			files = (
			);
			inputPaths = (
			);
			name = "[CP] Check Pods Manifest.lock";
			outputPaths = (
			);
			runOnlyForDeploymentPostprocessing = 0;
			shellPath = /bin/sh;
			shellScript = "diff \"${PODS_ROOT}/../Podfile.lock\" \"${PODS_ROOT}/Manifest.lock\" > /dev/null\nif [[ $? != 0 ]] ; then\n    cat << EOM\nerror: The sandbox is not in sync with the Podfile.lock. Run 'pod install' or update your CocoaPods installation.\nEOM\n    exit 1\nfi\n";
			showEnvVarsInLog = 0;
		};
		7105B4F4EC135AD23AD4D3F5 /* [CP] Embed Pods Frameworks */ = {
			isa = PBXShellScriptBuildPhase;
			buildActionMask = 2147483647;
			files = (
			);
			inputPaths = (
			);
			name = "[CP] Embed Pods Frameworks";
			outputPaths = (
			);
			runOnlyForDeploymentPostprocessing = 0;
			shellPath = /bin/sh;
			shellScript = "\"${SRCROOT}/Pods/Target Support Files/Pods-DarrenScottSalonAppTests/Pods-DarrenScottSalonAppTests-frameworks.sh\"\n";
			showEnvVarsInLog = 0;
		};
		8A0FA957454656AD7311B0EF /* [CP] Embed Pods Frameworks */ = {
			isa = PBXShellScriptBuildPhase;
			buildActionMask = 2147483647;
			files = (
			);
			inputPaths = (
			);
			name = "[CP] Embed Pods Frameworks";
			outputPaths = (
			);
			runOnlyForDeploymentPostprocessing = 0;
			shellPath = /bin/sh;
			shellScript = "\"${SRCROOT}/Pods/Target Support Files/Pods-DarrenScottSalonApp/Pods-DarrenScottSalonApp-frameworks.sh\"\n";
			showEnvVarsInLog = 0;
		};
		AFBCF4ECCAE9F7E287C130CA /* [CP] Copy Pods Resources */ = {
			isa = PBXShellScriptBuildPhase;
			buildActionMask = 2147483647;
			files = (
			);
			inputPaths = (
			);
			name = "[CP] Copy Pods Resources";
			outputPaths = (
			);
			runOnlyForDeploymentPostprocessing = 0;
			shellPath = /bin/sh;
			shellScript = "\"${SRCROOT}/Pods/Target Support Files/Pods-DarrenScottSalonApp/Pods-DarrenScottSalonApp-resources.sh\"\n";
			showEnvVarsInLog = 0;
		};
/* End PBXShellScriptBuildPhase section */

/* Begin PBXSourcesBuildPhase section */
		025565D01DC2DAF8005A903E /* Sources */ = {
			isa = PBXSourcesBuildPhase;
			buildActionMask = 2147483647;
			files = (
				45025D4E1E384DC6001FEAB6 /* RightMenuViewController.m in Sources */,
				45025D481E384D57001FEAB6 /* SlideNavigationController.m in Sources */,
				45025D6D1E384EB9001FEAB6 /* SlideNavigationContorllerAnimatorSlide.m in Sources */,
				450703E31E36D306003B7793 /* LoginViewController.m in Sources */,
				45B2F7411DE27C3100AAB600 /* TermsAndConditionsViewController.m in Sources */,
				02C18A721DC2F307008745BE /* ASStarRatingView.m in Sources */,
				450927DE1DF4D0730052EB54 /* NavigationViewController.m in Sources */,
				45025D6A1E384EB9001FEAB6 /* SlideNavigationContorllerAnimatorFade.m in Sources */,
				025565DD1DC2DAF8005A903E /* AppDelegate.m in Sources */,
				45025D781E385BF3001FEAB6 /* ProfileViewController.m in Sources */,
				025565E01DC2DAF8005A903E /* DarrenScottSalonApp.xcdatamodeld in Sources */,
				45025D6C1E384EB9001FEAB6 /* SlideNavigationContorllerAnimatorScaleAndFade.m in Sources */,
				025565E31DC2DAF8005A903E /* ViewController.m in Sources */,
				45025D4D1E384DC6001FEAB6 /* LeftMenuViewController.m in Sources */,
				025565DA1DC2DAF8005A903E /* main.m in Sources */,
				45025D6E1E384EB9001FEAB6 /* SlideNavigationContorllerAnimatorSlideAndFade.m in Sources */,
				45025D6B1E384EB9001FEAB6 /* SlideNavigationContorllerAnimatorScale.m in Sources */,
			);
			runOnlyForDeploymentPostprocessing = 0;
		};
		025565EC1DC2DAF8005A903E /* Sources */ = {
			isa = PBXSourcesBuildPhase;
			buildActionMask = 2147483647;
			files = (
				025565F71DC2DAF8005A903E /* DarrenScottSalonAppTests.m in Sources */,
			);
			runOnlyForDeploymentPostprocessing = 0;
		};
/* End PBXSourcesBuildPhase section */

/* Begin PBXTargetDependency section */
		025565F21DC2DAF8005A903E /* PBXTargetDependency */ = {
			isa = PBXTargetDependency;
			target = 025565D31DC2DAF8005A903E /* DarrenScottSalonApp */;
			targetProxy = 025565F11DC2DAF8005A903E /* PBXContainerItemProxy */;
		};
/* End PBXTargetDependency section */

/* Begin PBXVariantGroup section */
		025565E91DC2DAF8005A903E /* LaunchScreen.xib */ = {
			isa = PBXVariantGroup;
			children = (
				025565EA1DC2DAF8005A903E /* Base */,
			);
			name = LaunchScreen.xib;
			sourceTree = "<group>";
		};
		45025D6F1E3851E4001FEAB6 /* Main.storyboard */ = {
			isa = PBXVariantGroup;
			children = (
				45025D701E3851E4001FEAB6 /* Base */,
			);
			name = Main.storyboard;
			sourceTree = "<group>";
		};
/* End PBXVariantGroup section */

/* Begin XCBuildConfiguration section */
		025565F81DC2DAF8005A903E /* Debug */ = {
			isa = XCBuildConfiguration;
			buildSettings = {
				ALWAYS_SEARCH_USER_PATHS = NO;
				CLANG_CXX_LANGUAGE_STANDARD = "gnu++0x";
				CLANG_CXX_LIBRARY = "libc++";
				CLANG_ENABLE_MODULES = YES;
				CLANG_ENABLE_OBJC_ARC = YES;
				CLANG_WARN_BOOL_CONVERSION = YES;
				CLANG_WARN_CONSTANT_CONVERSION = YES;
				CLANG_WARN_DIRECT_OBJC_ISA_USAGE = YES_ERROR;
				CLANG_WARN_EMPTY_BODY = YES;
				CLANG_WARN_ENUM_CONVERSION = YES;
				CLANG_WARN_INFINITE_RECURSION = YES;
				CLANG_WARN_INT_CONVERSION = YES;
				CLANG_WARN_OBJC_ROOT_CLASS = YES_ERROR;
				CLANG_WARN_SUSPICIOUS_MOVE = YES;
				CLANG_WARN_UNREACHABLE_CODE = YES;
				CLANG_WARN__DUPLICATE_METHOD_MATCH = YES;
				"CODE_SIGN_IDENTITY[sdk=iphoneos*]" = "iPhone Developer";
				COPY_PHASE_STRIP = NO;
				DEBUG_INFORMATION_FORMAT = "dwarf-with-dsym";
				ENABLE_STRICT_OBJC_MSGSEND = YES;
				ENABLE_TESTABILITY = YES;
				GCC_C_LANGUAGE_STANDARD = gnu99;
				GCC_DYNAMIC_NO_PIC = NO;
				GCC_NO_COMMON_BLOCKS = YES;
				GCC_OPTIMIZATION_LEVEL = 0;
				GCC_PREPROCESSOR_DEFINITIONS = (
					"DEBUG=1",
					"$(inherited)",
				);
				GCC_SYMBOLS_PRIVATE_EXTERN = NO;
				GCC_WARN_64_TO_32_BIT_CONVERSION = YES;
				GCC_WARN_ABOUT_RETURN_TYPE = YES_ERROR;
				GCC_WARN_UNDECLARED_SELECTOR = YES;
				GCC_WARN_UNINITIALIZED_AUTOS = YES_AGGRESSIVE;
				GCC_WARN_UNUSED_FUNCTION = YES;
				GCC_WARN_UNUSED_VARIABLE = YES;
				IPHONEOS_DEPLOYMENT_TARGET = 8.4;
				MTL_ENABLE_DEBUG_INFO = YES;
				ONLY_ACTIVE_ARCH = YES;
				SDKROOT = iphoneos;
				TARGETED_DEVICE_FAMILY = "1,2";
			};
			name = Debug;
		};
		025565F91DC2DAF8005A903E /* Release */ = {
			isa = XCBuildConfiguration;
			buildSettings = {
				ALWAYS_SEARCH_USER_PATHS = NO;
				CLANG_CXX_LANGUAGE_STANDARD = "gnu++0x";
				CLANG_CXX_LIBRARY = "libc++";
				CLANG_ENABLE_MODULES = YES;
				CLANG_ENABLE_OBJC_ARC = YES;
				CLANG_WARN_BOOL_CONVERSION = YES;
				CLANG_WARN_CONSTANT_CONVERSION = YES;
				CLANG_WARN_DIRECT_OBJC_ISA_USAGE = YES_ERROR;
				CLANG_WARN_EMPTY_BODY = YES;
				CLANG_WARN_ENUM_CONVERSION = YES;
				CLANG_WARN_INFINITE_RECURSION = YES;
				CLANG_WARN_INT_CONVERSION = YES;
				CLANG_WARN_OBJC_ROOT_CLASS = YES_ERROR;
				CLANG_WARN_SUSPICIOUS_MOVE = YES;
				CLANG_WARN_UNREACHABLE_CODE = YES;
				CLANG_WARN__DUPLICATE_METHOD_MATCH = YES;
				"CODE_SIGN_IDENTITY[sdk=iphoneos*]" = "iPhone Developer";
				COPY_PHASE_STRIP = NO;
				DEBUG_INFORMATION_FORMAT = "dwarf-with-dsym";
				ENABLE_NS_ASSERTIONS = NO;
				ENABLE_STRICT_OBJC_MSGSEND = YES;
				GCC_C_LANGUAGE_STANDARD = gnu99;
				GCC_NO_COMMON_BLOCKS = YES;
				GCC_WARN_64_TO_32_BIT_CONVERSION = YES;
				GCC_WARN_ABOUT_RETURN_TYPE = YES_ERROR;
				GCC_WARN_UNDECLARED_SELECTOR = YES;
				GCC_WARN_UNINITIALIZED_AUTOS = YES_AGGRESSIVE;
				GCC_WARN_UNUSED_FUNCTION = YES;
				GCC_WARN_UNUSED_VARIABLE = YES;
				IPHONEOS_DEPLOYMENT_TARGET = 8.4;
				MTL_ENABLE_DEBUG_INFO = NO;
				SDKROOT = iphoneos;
				TARGETED_DEVICE_FAMILY = "1,2";
				VALIDATE_PRODUCT = YES;
			};
			name = Release;
		};
		025565FB1DC2DAF8005A903E /* Debug */ = {
			isa = XCBuildConfiguration;
			baseConfigurationReference = D8FF83F48A7CCDE892E7750A /* Pods-DarrenScottSalonApp.debug.xcconfig */;
			buildSettings = {
				ASSETCATALOG_COMPILER_APPICON_NAME = AppIcon;
				DEVELOPMENT_TEAM = 9ZZEJK9DFN;
				FRAMEWORK_SEARCH_PATHS = (
					"$(inherited)",
					"$(PROJECT_DIR)",
				);
				INFOPLIST_FILE = DarrenScottSalonApp/Info.plist;
				IPHONEOS_DEPLOYMENT_TARGET = 10.0;
				LD_RUNPATH_SEARCH_PATHS = "$(inherited) @executable_path/Frameworks";
				PRODUCT_BUNDLE_IDENTIFIER = "com.maranta.darrenscott.$(PRODUCT_NAME:rfc1034identifier)";
				PRODUCT_NAME = "$(TARGET_NAME)";
				TARGETED_DEVICE_FAMILY = 1;
			};
			name = Debug;
		};
		025565FC1DC2DAF8005A903E /* Release */ = {
			isa = XCBuildConfiguration;
			baseConfigurationReference = 128D1374D90FECCC4482D81A /* Pods-DarrenScottSalonApp.release.xcconfig */;
			buildSettings = {
				ASSETCATALOG_COMPILER_APPICON_NAME = AppIcon;
				DEVELOPMENT_TEAM = 9ZZEJK9DFN;
				FRAMEWORK_SEARCH_PATHS = (
					"$(inherited)",
					"$(PROJECT_DIR)",
				);
				INFOPLIST_FILE = DarrenScottSalonApp/Info.plist;
				IPHONEOS_DEPLOYMENT_TARGET = 10.0;
				LD_RUNPATH_SEARCH_PATHS = "$(inherited) @executable_path/Frameworks";
				PRODUCT_BUNDLE_IDENTIFIER = "com.maranta.darrenscott.$(PRODUCT_NAME:rfc1034identifier)";
				PRODUCT_NAME = "$(TARGET_NAME)";
				TARGETED_DEVICE_FAMILY = 1;
			};
			name = Release;
		};
		025565FE1DC2DAF8005A903E /* Debug */ = {
			isa = XCBuildConfiguration;
			baseConfigurationReference = AA6CC166E488F03C2A1B9DF0 /* Pods-DarrenScottSalonAppTests.debug.xcconfig */;
			buildSettings = {
				BUNDLE_LOADER = "$(TEST_HOST)";
				FRAMEWORK_SEARCH_PATHS = (
					"$(SDKROOT)/Developer/Library/Frameworks",
					"$(inherited)",
				);
				GCC_PREPROCESSOR_DEFINITIONS = (
					"DEBUG=1",
					"$(inherited)",
				);
				INFOPLIST_FILE = DarrenScottSalonAppTests/Info.plist;
				LD_RUNPATH_SEARCH_PATHS = "$(inherited) @executable_path/Frameworks @loader_path/Frameworks";
				PRODUCT_BUNDLE_IDENTIFIER = "com.maranta.darrenscott.$(PRODUCT_NAME:rfc1034identifier)";
				PRODUCT_NAME = "$(TARGET_NAME)";
				TEST_HOST = "$(BUILT_PRODUCTS_DIR)/DarrenScottSalonApp.app/DarrenScottSalonApp";
			};
			name = Debug;
		};
		025565FF1DC2DAF8005A903E /* Release */ = {
			isa = XCBuildConfiguration;
			baseConfigurationReference = 8FF0AA875CA448B782DCE7F1 /* Pods-DarrenScottSalonAppTests.release.xcconfig */;
			buildSettings = {
				BUNDLE_LOADER = "$(TEST_HOST)";
				FRAMEWORK_SEARCH_PATHS = (
					"$(SDKROOT)/Developer/Library/Frameworks",
					"$(inherited)",
				);
				INFOPLIST_FILE = DarrenScottSalonAppTests/Info.plist;
				LD_RUNPATH_SEARCH_PATHS = "$(inherited) @executable_path/Frameworks @loader_path/Frameworks";
				PRODUCT_BUNDLE_IDENTIFIER = "com.maranta.darrenscott.$(PRODUCT_NAME:rfc1034identifier)";
				PRODUCT_NAME = "$(TARGET_NAME)";
				TEST_HOST = "$(BUILT_PRODUCTS_DIR)/DarrenScottSalonApp.app/DarrenScottSalonApp";
			};
			name = Release;
		};
/* End XCBuildConfiguration section */

/* Begin XCConfigurationList section */
		025565CF1DC2DAF8005A903E /* Build configuration list for PBXProject "DarrenScottSalonApp" */ = {
			isa = XCConfigurationList;
			buildConfigurations = (
				025565F81DC2DAF8005A903E /* Debug */,
				025565F91DC2DAF8005A903E /* Release */,
			);
			defaultConfigurationIsVisible = 0;
			defaultConfigurationName = Release;
		};
		025565FA1DC2DAF8005A903E /* Build configuration list for PBXNativeTarget "DarrenScottSalonApp" */ = {
			isa = XCConfigurationList;
			buildConfigurations = (
				025565FB1DC2DAF8005A903E /* Debug */,
				025565FC1DC2DAF8005A903E /* Release */,
			);
			defaultConfigurationIsVisible = 0;
			defaultConfigurationName = Release;
		};
		025565FD1DC2DAF8005A903E /* Build configuration list for PBXNativeTarget "DarrenScottSalonAppTests" */ = {
			isa = XCConfigurationList;
			buildConfigurations = (
				025565FE1DC2DAF8005A903E /* Debug */,
				025565FF1DC2DAF8005A903E /* Release */,
			);
			defaultConfigurationIsVisible = 0;
			defaultConfigurationName = Release;
		};
/* End XCConfigurationList section */

/* Begin XCVersionGroup section */
		025565DE1DC2DAF8005A903E /* DarrenScottSalonApp.xcdatamodeld */ = {
			isa = XCVersionGroup;
			children = (
				025565DF1DC2DAF8005A903E /* DarrenScottSalonApp.xcdatamodel */,
			);
			currentVersion = 025565DF1DC2DAF8005A903E /* DarrenScottSalonApp.xcdatamodel */;
			path = DarrenScottSalonApp.xcdatamodeld;
			sourceTree = "<group>";
			versionGroupType = wrapper.xcdatamodel;
		};
/* End XCVersionGroup section */
	};
	rootObject = 025565CC1DC2DAF8005A903E /* Project object */;
}
