// !$*UTF8*$!
{
	archiveVersion = 1;
	classes = {
	};
	objectVersion = 46;
	objects = {

/* Begin PBXBuildFile section */
		025565DA1DC2DAF8005A903E /* main.m in Sources */ = {isa = PBXBuildFile; fileRef = 025565D91DC2DAF8005A903E /* main.m */; };
		025565DD1DC2DAF8005A903E /* AppDelegate.m in Sources */ = {isa = PBXBuildFile; fileRef = 025565DC1DC2DAF8005A903E /* AppDelegate.m */; };
		025565E01DC2DAF8005A903E /* DarrenScottSalonApp.xcdatamodeld in Sources */ = {isa = PBXBuildFile; fileRef = 025565DE1DC2DAF8005A903E /* DarrenScottSalonApp.xcdatamodeld */; };
		025565E31DC2DAF8005A903E /* ViewController.m in Sources */ = {isa = PBXBuildFile; fileRef = 025565E21DC2DAF8005A903E /* ViewController.m */; };
		025565E61DC2DAF8005A903E /* Main.storyboard in Resources */ = {isa = PBXBuildFile; fileRef = 025565E41DC2DAF8005A903E /* Main.storyboard */; };
		025565E81DC2DAF8005A903E /* Images.xcassets in Resources */ = {isa = PBXBuildFile; fileRef = 025565E71DC2DAF8005A903E /* Images.xcassets */; };
		025565EB1DC2DAF8005A903E /* LaunchScreen.xib in Resources */ = {isa = PBXBuildFile; fileRef = 025565E91DC2DAF8005A903E /* LaunchScreen.xib */; };
		025565F71DC2DAF8005A903E /* DarrenScottSalonAppTests.m in Sources */ = {isa = PBXBuildFile; fileRef = 025565F61DC2DAF8005A903E /* DarrenScottSalonAppTests.m */; };
		02C18A721DC2F307008745BE /* ASStarRatingView.m in Sources */ = {isa = PBXBuildFile; fileRef = 02C18A711DC2F307008745BE /* ASStarRatingView.m */; };
/* End PBXBuildFile section */

/* Begin PBXContainerItemProxy section */
		025565F11DC2DAF8005A903E /* PBXContainerItemProxy */ = {
			isa = PBXContainerItemProxy;
			containerPortal = 025565CC1DC2DAF8005A903E /* Project object */;
			proxyType = 1;
			remoteGlobalIDString = 025565D31DC2DAF8005A903E;
			remoteInfo = DarrenScottSalonApp;
		};
/* End PBXContainerItemProxy section */

/* Begin PBXFileReference section */
		025565D41DC2DAF8005A903E /* DarrenScottSalonApp.app */ = {isa = PBXFileReference; explicitFileType = wrapper.application; includeInIndex = 0; path = DarrenScottSalonApp.app; sourceTree = BUILT_PRODUCTS_DIR; };
		025565D81DC2DAF8005A903E /* Info.plist */ = {isa = PBXFileReference; lastKnownFileType = text.plist.xml; path = Info.plist; sourceTree = "<group>"; };
		025565D91DC2DAF8005A903E /* main.m */ = {isa = PBXFileReference; lastKnownFileType = sourcecode.c.objc; path = main.m; sourceTree = "<group>"; };
		025565DB1DC2DAF8005A903E /* AppDelegate.h */ = {isa = PBXFileReference; lastKnownFileType = sourcecode.c.h; path = AppDelegate.h; sourceTree = "<group>"; };
		025565DC1DC2DAF8005A903E /* AppDelegate.m */ = {isa = PBXFileReference; lastKnownFileType = sourcecode.c.objc; path = AppDelegate.m; sourceTree = "<group>"; };
		025565DF1DC2DAF8005A903E /* DarrenScottSalonApp.xcdatamodel */ = {isa = PBXFileReference; lastKnownFileType = wrapper.xcdatamodel; path = DarrenScottSalonApp.xcdatamodel; sourceTree = "<group>"; };
		025565E11DC2DAF8005A903E /* ViewController.h */ = {isa = PBXFileReference; lastKnownFileType = sourcecode.c.h; path = ViewController.h; sourceTree = "<group>"; };
		025565E21DC2DAF8005A903E /* ViewController.m */ = {isa = PBXFileReference; lastKnownFileType = sourcecode.c.objc; path = ViewController.m; sourceTree = "<group>"; };
		025565E51DC2DAF8005A903E /* Base */ = {isa = PBXFileReference; lastKnownFileType = file.storyboard; name = Base; path = Base.lproj/Main.storyboard; sourceTree = "<group>"; };
		025565E71DC2DAF8005A903E /* Images.xcassets */ = {isa = PBXFileReference; lastKnownFileType = folder.assetcatalog; path = Images.xcassets; sourceTree = "<group>"; };
		025565EA1DC2DAF8005A903E /* Base */ = {isa = PBXFileReference; lastKnownFileType = file.xib; name = Base; path = Base.lproj/LaunchScreen.xib; sourceTree = "<group>"; };
		025565F01DC2DAF8005A903E /* DarrenScottSalonAppTests.xctest */ = {isa = PBXFileReference; explicitFileType = wrapper.cfbundle; includeInIndex = 0; path = DarrenScottSalonAppTests.xctest; sourceTree = BUILT_PRODUCTS_DIR; };
		025565F51DC2DAF8005A903E /* Info.plist */ = {isa = PBXFileReference; lastKnownFileType = text.plist.xml; path = Info.plist; sourceTree = "<group>"; };
		025565F61DC2DAF8005A903E /* DarrenScottSalonAppTests.m */ = {isa = PBXFileReference; lastKnownFileType = sourcecode.c.objc; path = DarrenScottSalonAppTests.m; sourceTree = "<group>"; };
		02C18A701DC2F307008745BE /* ASStarRatingView.h */ = {isa = PBXFileReference; fileEncoding = 4; lastKnownFileType = sourcecode.c.h; path = ASStarRatingView.h; sourceTree = "<group>"; };
		02C18A711DC2F307008745BE /* ASStarRatingView.m */ = {isa = PBXFileReference; fileEncoding = 4; lastKnownFileType = sourcecode.c.objc; path = ASStarRatingView.m; sourceTree = "<group>"; };
/* End PBXFileReference section */

/* Begin PBXFrameworksBuildPhase section */
		025565D11DC2DAF8005A903E /* Frameworks */ = {
			isa = PBXFrameworksBuildPhase;
			buildActionMask = 2147483647;
			files = (
			);
			runOnlyForDeploymentPostprocessing = 0;
		};
		025565ED1DC2DAF8005A903E /* Frameworks */ = {
			isa = PBXFrameworksBuildPhase;
			buildActionMask = 2147483647;
			files = (
			);
			runOnlyForDeploymentPostprocessing = 0;
		};
/* End PBXFrameworksBuildPhase section */

/* Begin PBXGroup section */
		025565CB1DC2DAF8005A903E = {
			isa = PBXGroup;
			children = (
				025565D61DC2DAF8005A903E /* DarrenScottSalonApp */,
				025565F31DC2DAF8005A903E /* DarrenScottSalonAppTests */,
				025565D51DC2DAF8005A903E /* Products */,
			);
			sourceTree = "<group>";
		};
		025565D51DC2DAF8005A903E /* Products */ = {
			isa = PBXGroup;
			children = (
				025565D41DC2DAF8005A903E /* DarrenScottSalonApp.app */,
				025565F01DC2DAF8005A903E /* DarrenScottSalonAppTests.xctest */,
			);
			name = Products;
			sourceTree = "<group>";
		};
		025565D61DC2DAF8005A903E /* DarrenScottSalonApp */ = {
			isa = PBXGroup;
			children = (
				02C18A6F1DC2F2E6008745BE /* ASStarRatingView */,
				025565DB1DC2DAF8005A903E /* AppDelegate.h */,
				025565DC1DC2DAF8005A903E /* AppDelegate.m */,
				025565E11DC2DAF8005A903E /* ViewController.h */,
				025565E21DC2DAF8005A903E /* ViewController.m */,
				025565E41DC2DAF8005A903E /* Main.storyboard */,
				025565E71DC2DAF8005A903E /* Images.xcassets */,
				025565E91DC2DAF8005A903E /* LaunchScreen.xib */,
				025565DE1DC2DAF8005A903E /* DarrenScottSalonApp.xcdatamodeld */,
				025565D71DC2DAF8005A903E /* Supporting Files */,
			);
			path = DarrenScottSalonApp;
			sourceTree = "<group>";
		};
		025565D71DC2DAF8005A903E /* Supporting Files */ = {
			isa = PBXGroup;
			children = (
				025565D81DC2DAF8005A903E /* Info.plist */,
				025565D91DC2DAF8005A903E /* main.m */,
			);
			name = "Supporting Files";
			sourceTree = "<group>";
		};
		025565F31DC2DAF8005A903E /* DarrenScottSalonAppTests */ = {
			isa = PBXGroup;
			children = (
				025565F61DC2DAF8005A903E /* DarrenScottSalonAppTests.m */,
				025565F41DC2DAF8005A903E /* Supporting Files */,
			);
			path = DarrenScottSalonAppTests;
			sourceTree = "<group>";
		};
		025565F41DC2DAF8005A903E /* Supporting Files */ = {
			isa = PBXGroup;
			children = (
				025565F51DC2DAF8005A903E /* Info.plist */,
			);
			name = "Supporting Files";
			sourceTree = "<group>";
		};
		02C18A6F1DC2F2E6008745BE /* ASStarRatingView */ = {
			isa = PBXGroup;
			children = (
				02C18A701DC2F307008745BE /* ASStarRatingView.h */,
				02C18A711DC2F307008745BE /* ASStarRatingView.m */,
			);
			name = ASStarRatingView;
			sourceTree = "<group>";
		};
/* End PBXGroup section */

/* Begin PBXNativeTarget section */
		025565D31DC2DAF8005A903E /* DarrenScottSalonApp */ = {
			isa = PBXNativeTarget;
			buildConfigurationList = 025565FA1DC2DAF8005A903E /* Build configuration list for PBXNativeTarget "DarrenScottSalonApp" */;
			buildPhases = (
				025565D01DC2DAF8005A903E /* Sources */,
				025565D11DC2DAF8005A903E /* Frameworks */,
				025565D21DC2DAF8005A903E /* Resources */,
			);
			buildRules = (
			);
			dependencies = (
			);
			name = DarrenScottSalonApp;
			productName = DarrenScottSalonApp;
			productReference = 025565D41DC2DAF8005A903E /* DarrenScottSalonApp.app */;
			productType = "com.apple.product-type.application";
		};
		025565EF1DC2DAF8005A903E /* DarrenScottSalonAppTests */ = {
			isa = PBXNativeTarget;
			buildConfigurationList = 025565FD1DC2DAF8005A903E /* Build configuration list for PBXNativeTarget "DarrenScottSalonAppTests" */;
			buildPhases = (
				025565EC1DC2DAF8005A903E /* Sources */,
				025565ED1DC2DAF8005A903E /* Frameworks */,
				025565EE1DC2DAF8005A903E /* Resources */,
			);
			buildRules = (
			);
			dependencies = (
				025565F21DC2DAF8005A903E /* PBXTargetDependency */,
			);
			name = DarrenScottSalonAppTests;
			productName = DarrenScottSalonAppTests;
			productReference = 025565F01DC2DAF8005A903E /* DarrenScottSalonAppTests.xctest */;
			productType = "com.apple.product-type.bundle.unit-test";
		};
/* End PBXNativeTarget section */

/* Begin PBXProject section */
		025565CC1DC2DAF8005A903E /* Project object */ = {
			isa = PBXProject;
			attributes = {
				LastUpgradeCheck = 0640;
				ORGANIZATIONNAME = maranta;
				TargetAttributes = {
					025565D31DC2DAF8005A903E = {
						CreatedOnToolsVersion = 6.4;
					};
					025565EF1DC2DAF8005A903E = {
						CreatedOnToolsVersion = 6.4;
						TestTargetID = 025565D31DC2DAF8005A903E;
					};
				};
			};
			buildConfigurationList = 025565CF1DC2DAF8005A903E /* Build configuration list for PBXProject "DarrenScottSalonApp" */;
			compatibilityVersion = "Xcode 3.2";
			developmentRegion = English;
			hasScannedForEncodings = 0;
			knownRegions = (
				en,
				Base,
			);
			mainGroup = 025565CB1DC2DAF8005A903E;
			productRefGroup = 025565D51DC2DAF8005A903E /* Products */;
			projectDirPath = "";
			projectRoot = "";
			targets = (
				025565D31DC2DAF8005A903E /* DarrenScottSalonApp */,
				025565EF1DC2DAF8005A903E /* DarrenScottSalonAppTests */,
			);
		};
/* End PBXProject section */

/* Begin PBXResourcesBuildPhase section */
		025565D21DC2DAF8005A903E /* Resources */ = {
			isa = PBXResourcesBuildPhase;
			buildActionMask = 2147483647;
			files = (
				025565E61DC2DAF8005A903E /* Main.storyboard in Resources */,
				025565EB1DC2DAF8005A903E /* LaunchScreen.xib in Resources */,
				025565E81DC2DAF8005A903E /* Images.xcassets in Resources */,
			);
			runOnlyForDeploymentPostprocessing = 0;
		};
		025565EE1DC2DAF8005A903E /* Resources */ = {
			isa = PBXResourcesBuildPhase;
			buildActionMask = 2147483647;
			files = (
			);
			runOnlyForDeploymentPostprocessing = 0;
		};
/* End PBXResourcesBuildPhase section */

/* Begin PBXSourcesBuildPhase section */
		025565D01DC2DAF8005A903E /* Sources */ = {
			isa = PBXSourcesBuildPhase;
			buildActionMask = 2147483647;
			files = (
				02C18A721DC2F307008745BE /* ASStarRatingView.m in Sources */,
				025565DD1DC2DAF8005A903E /* AppDelegate.m in Sources */,
				025565E01DC2DAF8005A903E /* DarrenScottSalonApp.xcdatamodeld in Sources */,
				025565E31DC2DAF8005A903E /* ViewController.m in Sources */,
				025565DA1DC2DAF8005A903E /* main.m in Sources */,
			);
			runOnlyForDeploymentPostprocessing = 0;
		};
		025565EC1DC2DAF8005A903E /* Sources */ = {
			isa = PBXSourcesBuildPhase;
			buildActionMask = 2147483647;
			files = (
				025565F71DC2DAF8005A903E /* DarrenScottSalonAppTests.m in Sources */,
			);
			runOnlyForDeploymentPostprocessing = 0;
		};
/* End PBXSourcesBuildPhase section */

/* Begin PBXTargetDependency section */
		025565F21DC2DAF8005A903E /* PBXTargetDependency */ = {
			isa = PBXTargetDependency;
			target = 025565D31DC2DAF8005A903E /* DarrenScottSalonApp */;
			targetProxy = 025565F11DC2DAF8005A903E /* PBXContainerItemProxy */;
		};
/* End PBXTargetDependency section */

/* Begin PBXVariantGroup section */
		025565E41DC2DAF8005A903E /* Main.storyboard */ = {
			isa = PBXVariantGroup;
			children = (
				025565E51DC2DAF8005A903E /* Base */,
			);
			name = Main.storyboard;
			sourceTree = "<group>";
		};
		025565E91DC2DAF8005A903E /* LaunchScreen.xib */ = {
			isa = PBXVariantGroup;
			children = (
				025565EA1DC2DAF8005A903E /* Base */,
			);
			name = LaunchScreen.xib;
			sourceTree = "<group>";
		};
/* End PBXVariantGroup section */

/* Begin XCBuildConfiguration section */
		025565F81DC2DAF8005A903E /* Debug */ = {
			isa = XCBuildConfiguration;
			buildSettings = {
				ALWAYS_SEARCH_USER_PATHS = NO;
				CLANG_CXX_LANGUAGE_STANDARD = "gnu++0x";
				CLANG_CXX_LIBRARY = "libc++";
				CLANG_ENABLE_MODULES = YES;
				CLANG_ENABLE_OBJC_ARC = YES;
				CLANG_WARN_BOOL_CONVERSION = YES;
				CLANG_WARN_CONSTANT_CONVERSION = YES;
				CLANG_WARN_DIRECT_OBJC_ISA_USAGE = YES_ERROR;
				CLANG_WARN_EMPTY_BODY = YES;
				CLANG_WARN_ENUM_CONVERSION = YES;
				CLANG_WARN_INT_CONVERSION = YES;
				CLANG_WARN_OBJC_ROOT_CLASS = YES_ERROR;
				CLANG_WARN_UNREACHABLE_CODE = YES;
				CLANG_WARN__DUPLICATE_METHOD_MATCH = YES;
				"CODE_SIGN_IDENTITY[sdk=iphoneos*]" = "iPhone Developer";
				COPY_PHASE_STRIP = NO;
				DEBUG_INFORMATION_FORMAT = "dwarf-with-dsym";
				ENABLE_STRICT_OBJC_MSGSEND = YES;
				GCC_C_LANGUAGE_STANDARD = gnu99;
				GCC_DYNAMIC_NO_PIC = NO;
				GCC_NO_COMMON_BLOCKS = YES;
				GCC_OPTIMIZATION_LEVEL = 0;
				GCC_PREPROCESSOR_DEFINITIONS = (
					"DEBUG=1",
					"$(inherited)",
				);
				GCC_SYMBOLS_PRIVATE_EXTERN = NO;
				GCC_WARN_64_TO_32_BIT_CONVERSION = YES;
				GCC_WARN_ABOUT_RETURN_TYPE = YES_ERROR;
				GCC_WARN_UNDECLARED_SELECTOR = YES;
				GCC_WARN_UNINITIALIZED_AUTOS = YES_AGGRESSIVE;
				GCC_WARN_UNUSED_FUNCTION = YES;
				GCC_WARN_UNUSED_VARIABLE = YES;
				IPHONEOS_DEPLOYMENT_TARGET = 8.4;
				MTL_ENABLE_DEBUG_INFO = YES;
				ONLY_ACTIVE_ARCH = YES;
				SDKROOT = iphoneos;
				TARGETED_DEVICE_FAMILY = "1,2";
			};
			name = Debug;
		};
		025565F91DC2DAF8005A903E /* Release */ = {
			isa = XCBuildConfiguration;
			buildSettings = {
				ALWAYS_SEARCH_USER_PATHS = NO;
				CLANG_CXX_LANGUAGE_STANDARD = "gnu++0x";
				CLANG_CXX_LIBRARY = "libc++";
				CLANG_ENABLE_MODULES = YES;
				CLANG_ENABLE_OBJC_ARC = YES;
				CLANG_WARN_BOOL_CONVERSION = YES;
				CLANG_WARN_CONSTANT_CONVERSION = YES;
				CLANG_WARN_DIRECT_OBJC_ISA_USAGE = YES_ERROR;
				CLANG_WARN_EMPTY_BODY = YES;
				CLANG_WARN_ENUM_CONVERSION = YES;
				CLANG_WARN_INT_CONVERSION = YES;
				CLANG_WARN_OBJC_ROOT_CLASS = YES_ERROR;
				CLANG_WARN_UNREACHABLE_CODE = YES;
				CLANG_WARN__DUPLICATE_METHOD_MATCH = YES;
				"CODE_SIGN_IDENTITY[sdk=iphoneos*]" = "iPhone Developer";
				COPY_PHASE_STRIP = NO;
				DEBUG_INFORMATION_FORMAT = "dwarf-with-dsym";
				ENABLE_NS_ASSERTIONS = NO;
				ENABLE_STRICT_OBJC_MSGSEND = YES;
				GCC_C_LANGUAGE_STANDARD = gnu99;
				GCC_NO_COMMON_BLOCKS = YES;
				GCC_WARN_64_TO_32_BIT_CONVERSION = YES;
				GCC_WARN_ABOUT_RETURN_TYPE = YES_ERROR;
				GCC_WARN_UNDECLARED_SELECTOR = YES;
				GCC_WARN_UNINITIALIZED_AUTOS = YES_AGGRESSIVE;
				GCC_WARN_UNUSED_FUNCTION = YES;
				GCC_WARN_UNUSED_VARIABLE = YES;
				IPHONEOS_DEPLOYMENT_TARGET = 8.4;
				MTL_ENABLE_DEBUG_INFO = NO;
				SDKROOT = iphoneos;
				TARGETED_DEVICE_FAMILY = "1,2";
				VALIDATE_PRODUCT = YES;
			};
			name = Release;
		};
		025565FB1DC2DAF8005A903E /* Debug */ = {
			isa = XCBuildConfiguration;
			buildSettings = {
				ASSETCATALOG_COMPILER_APPICON_NAME = AppIcon;
				INFOPLIST_FILE = DarrenScottSalonApp/Info.plist;
				LD_RUNPATH_SEARCH_PATHS = "$(inherited) @executable_path/Frameworks";
				PRODUCT_NAME = "$(TARGET_NAME)";
			};
			name = Debug;
		};
		025565FC1DC2DAF8005A903E /* Release */ = {
			isa = XCBuildConfiguration;
			buildSettings = {
				ASSETCATALOG_COMPILER_APPICON_NAME = AppIcon;
				INFOPLIST_FILE = DarrenScottSalonApp/Info.plist;
				LD_RUNPATH_SEARCH_PATHS = "$(inherited) @executable_path/Frameworks";
				PRODUCT_NAME = "$(TARGET_NAME)";
			};
			name = Release;
		};
		025565FE1DC2DAF8005A903E /* Debug */ = {
			isa = XCBuildConfiguration;
			buildSettings = {
				BUNDLE_LOADER = "$(TEST_HOST)";
				FRAMEWORK_SEARCH_PATHS = (
					"$(SDKROOT)/Developer/Library/Frameworks",
					"$(inherited)",
				);
				GCC_PREPROCESSOR_DEFINITIONS = (
					"DEBUG=1",
					"$(inherited)",
				);
				INFOPLIST_FILE = DarrenScottSalonAppTests/Info.plist;
				LD_RUNPATH_SEARCH_PATHS = "$(inherited) @executable_path/Frameworks @loader_path/Frameworks";
				PRODUCT_NAME = "$(TARGET_NAME)";
				TEST_HOST = "$(BUILT_PRODUCTS_DIR)/DarrenScottSalonApp.app/DarrenScottSalonApp";
			};
			name = Debug;
		};
		025565FF1DC2DAF8005A903E /* Release */ = {
			isa = XCBuildConfiguration;
			buildSettings = {
				BUNDLE_LOADER = "$(TEST_HOST)";
				FRAMEWORK_SEARCH_PATHS = (
					"$(SDKROOT)/Developer/Library/Frameworks",
					"$(inherited)",
				);
				INFOPLIST_FILE = DarrenScottSalonAppTests/Info.plist;
				LD_RUNPATH_SEARCH_PATHS = "$(inherited) @executable_path/Frameworks @loader_path/Frameworks";
				PRODUCT_NAME = "$(TARGET_NAME)";
				TEST_HOST = "$(BUILT_PRODUCTS_DIR)/DarrenScottSalonApp.app/DarrenScottSalonApp";
			};
			name = Release;
		};
/* End XCBuildConfiguration section */

/* Begin XCConfigurationList section */
		025565CF1DC2DAF8005A903E /* Build configuration list for PBXProject "DarrenScottSalonApp" */ = {
			isa = XCConfigurationList;
			buildConfigurations = (
				025565F81DC2DAF8005A903E /* Debug */,
				025565F91DC2DAF8005A903E /* Release */,
			);
			defaultConfigurationIsVisible = 0;
			defaultConfigurationName = Release;
		};
		025565FA1DC2DAF8005A903E /* Build configuration list for PBXNativeTarget "DarrenScottSalonApp" */ = {
			isa = XCConfigurationList;
			buildConfigurations = (
				025565FB1DC2DAF8005A903E /* Debug */,
				025565FC1DC2DAF8005A903E /* Release */,
			);
			defaultConfigurationIsVisible = 0;
			defaultConfigurationName = Release;
		};
		025565FD1DC2DAF8005A903E /* Build configuration list for PBXNativeTarget "DarrenScottSalonAppTests" */ = {
			isa = XCConfigurationList;
			buildConfigurations = (
				025565FE1DC2DAF8005A903E /* Debug */,
				025565FF1DC2DAF8005A903E /* Release */,
			);
			defaultConfigurationIsVisible = 0;
			defaultConfigurationName = Release;
		};
/* End XCConfigurationList section */

/* Begin XCVersionGroup section */
		025565DE1DC2DAF8005A903E /* DarrenScottSalonApp.xcdatamodeld */ = {
			isa = XCVersionGroup;
			children = (
				025565DF1DC2DAF8005A903E /* DarrenScottSalonApp.xcdatamodel */,
			);
			currentVersion = 025565DF1DC2DAF8005A903E /* DarrenScottSalonApp.xcdatamodel */;
			path = DarrenScottSalonApp.xcdatamodeld;
			sourceTree = "<group>";
			versionGroupType = wrapper.xcdatamodel;
		};
/* End XCVersionGroup section */
	};
	rootObject = 025565CC1DC2DAF8005A903E /* Project object */;
}
